<?xml version="1.0" encoding="utf-8"?>
<Project ToolsVersion="4.0" xmlns="http://schemas.microsoft.com/developer/msbuild/2003">
  <ItemGroup>
    <Filter Include="Source Files">
      <UniqueIdentifier>{b7892637-c0a7-47c1-84ba-7fbaccb842d0}</UniqueIdentifier>
      <Extensions>cpp;c;cxx;rc;def;r;odl;idl;hpj;bat</Extensions>
    </Filter>
    <Filter Include="Header Files">
      <UniqueIdentifier>{28113b94-1083-4936-81d7-ddc130889caa}</UniqueIdentifier>
      <Extensions>h;hpp;hxx;hm;inl</Extensions>
    </Filter>
    <Filter Include="Resource Files">
      <UniqueIdentifier>{0231b965-6bf7-456e-820d-85b465649a22}</UniqueIdentifier>
      <Extensions>ico;cur;bmp;dlg;rc2;rct;bin;rgs;gif;jpg;jpeg;jpe</Extensions>
    </Filter>
  </ItemGroup>
  <ItemGroup>
    <ClCompile Include="ApplicationScope.cpp">
      <Filter>Source Files</Filter>
    </ClCompile>
    <ClCompile Include="CallbackHandler.cpp">
      <Filter>Source Files</Filter>
    </ClCompile>
    <ClCompile Include="ConsCtl.cpp">
      <Filter>Source Files</Filter>
    </ClCompile>
    <ClCompile Include="CustomThread.cpp">
      <Filter>Source Files</Filter>
    </ClCompile>
    <ClCompile Include="LockMgr.cpp">
      <Filter>Source Files</Filter>
    </ClCompile>
    <ClCompile Include="NtDriverController.cpp">
      <Filter>Source Files</Filter>
    </ClCompile>
    <ClCompile Include="QueueContainer.cpp">
      <Filter>Source Files</Filter>
    </ClCompile>
    <ClCompile Include="RetrievalThread.cpp">
      <Filter>Source Files</Filter>
    </ClCompile>
    <ClCompile Include="ThreadMonitor.cpp">
      <Filter>Source Files</Filter>
    </ClCompile>
  </ItemGroup>
  <ItemGroup>
    <ClInclude Include="ApplicationScope.h">
      <Filter>Header Files</Filter>
    </ClInclude>
    <ClInclude Include="CallbackHandler.h">
      <Filter>Header Files</Filter>
    </ClInclude>
    <ClInclude Include="Common.h">
      <Filter>Header Files</Filter>
    </ClInclude>
    <ClInclude Include="CustomThread.h">
      <Filter>Header Files</Filter>
    </ClInclude>
    <ClInclude Include="LockMgr.h">
      <Filter>Header Files</Filter>
    </ClInclude>
    <ClInclude Include="NtDriverController.h">
      <Filter>Header Files</Filter>
    </ClInclude>
    <ClInclude Include="QueueContainer.h">
      <Filter>Header Files</Filter>
    </ClInclude>
    <ClInclude Include="RetrievalThread.h">
      <Filter>Header Files</Filter>
    </ClInclude>
    <ClInclude Include="ThreadMonitor.h">
      <Filter>Header Files</Filter>
    </ClInclude>
    <ClInclude Include="WinUtils.h">
      <Filter>Header Files</Filter>
    </ClInclude>
  </ItemGroup>
  <ItemGroup>
    <None Include="ClassDiagram1.cd" />
  </ItemGroup>
</Project>