
Microsoft Visual Studio Solution File, Format Version 12.00
# Visual Studio 2012
Project("{8BC9CEB8-8B4A-11D0-8D11-00A0C91BC942}") = "explicit", "ConsoleApplication2\ConsoleApplication2.vcxproj", "{509F42BF-93B5-477B-852F-65215E8630B9}"
EndProject
Project("{8BC9CEB8-8B4A-11D0-8D11-00A0C91BC942}") = "複製構造函數", "ConsoleApplication1\ConsoleApplication1.vcxproj", "{44705D31-A76C-4D89-B249-FF81AB1B2593}"
EndProject
Project("{8BC9CEB8-8B4A-11D0-8D11-00A0C91BC942}") = "operator後置add", "ConsoleApplication3\ConsoleApplication3.vcxproj", "{22F1C014-E825-4142-AEFE-87A667EE9B17}"
EndProject
Project("{8BC9CEB8-8B4A-11D0-8D11-00A0C91BC942}") = "operator", "ConsoleApplication5\ConsoleApplication5.vcxproj", "{B54DA35F-311E-41C7-A81B-A7EF73E1B9A3}"
EndProject
Project("{8BC9CEB8-8B4A-11D0-8D11-00A0C91BC942}") = "多重繼承", "ConsoleApplication6\ConsoleApplication6.vcxproj", "{F838CC42-FF1A-44C2-A648-1B4B9115BA47}"
EndProject
Project("{8BC9CEB8-8B4A-11D0-8D11-00A0C91BC942}") = "繼承的構造與析構", "ConsoleApplication7\ConsoleApplication7.vcxproj", "{8E4AD380-8DCA-448D-B00C-334CE5E92794}"
EndProject
Project("{8BC9CEB8-8B4A-11D0-8D11-00A0C91BC942}") = "向基類構造函數傳遞參數", "ConsoleApplication8\ConsoleApplication8.vcxproj", "{AA664DEF-74C9-4B30-9753-0D3E162D0B69}"
EndProject
Project("{8BC9CEB8-8B4A-11D0-8D11-00A0C91BC942}") = "多重繼承容易產生兩義性", "ConsoleApplication9\ConsoleApplication9.vcxproj", "{5E027342-8348-4937-A0DE-C237F1283D10}"
EndProject
Project("{8BC9CEB8-8B4A-11D0-8D11-00A0C91BC942}") = "繼承中的重載", "ConsoleApplication10\ConsoleApplication10.vcxproj", "{2CEB2CE3-19D3-4D68-9BD6-EBCBC9ADDEF5}"
EndProject
Project("{8BC9CEB8-8B4A-11D0-8D11-00A0C91BC942}") = "兩義性的歸屬問題", "ConsoleApplication11\ConsoleApplication11.vcxproj", "{8EFF20B0-F2A9-4640-BABD-D528CBD22395}"
EndProject
Project("{8BC9CEB8-8B4A-11D0-8D11-00A0C91BC942}") = "減少兩意性產生的混淆問題", "ConsoleApplication12\ConsoleApplication12.vcxproj", "{9CB9867F-9F21-4B11-A858-EC21C522A9D0}"
EndProject
Project("{8BC9CEB8-8B4A-11D0-8D11-00A0C91BC942}") = "指向對象的指針", "ConsoleApplication13\ConsoleApplication13.vcxproj", "{C26163F8-1430-48ED-8000-18E839F251D2}"
EndProject
Project("{8BC9CEB8-8B4A-11D0-8D11-00A0C91BC942}") = "虛函數", "ConsoleApplication14\ConsoleApplication14.vcxproj", "{787E9619-C362-4598-A8D0-63F99EA807E5}"
EndProject
Project("{8BC9CEB8-8B4A-11D0-8D11-00A0C91BC942}") = "pounds", "ConsoleApplication15\ConsoleApplication15.vcxproj", "{952A7B29-7ED4-4767-B01A-CF6561AF8F33}"
EndProject
Project("{8BC9CEB8-8B4A-11D0-8D11-00A0C91BC942}") = "在編譯時的靜態聯編", "ConsoleApplication16\ConsoleApplication16.vcxproj", "{93CAB97A-1146-43ED-ABE3-90AD2202BF2B}"
EndProject
Project("{8BC9CEB8-8B4A-11D0-8D11-00A0C91BC942}") = "在運行時的靜態聯編", "ConsoleApplication17\ConsoleApplication17.vcxproj", "{91BDF45E-DFA9-43EF-B68E-5C0BB6AF1206}"
EndProject
Project("{8BC9CEB8-8B4A-11D0-8D11-00A0C91BC942}") = "在編譯時的動態聯編", "ConsoleApplication18\ConsoleApplication18.vcxproj", "{0D85764D-295E-4661-B1B0-4ACE28B0C3C9}"
EndProject
Project("{8BC9CEB8-8B4A-11D0-8D11-00A0C91BC942}") = "三種調用虛函數的方式比較", "ConsoleApplication19\ConsoleApplication19.vcxproj", "{BA3BE05F-CEDB-4479-8169-8EA3FE0C9416}"
EndProject
Project("{8BC9CEB8-8B4A-11D0-8D11-00A0C91BC942}") = "虛構造函數和析構函數", "ConsoleApplication20\ConsoleApplication20.vcxproj", "{C65887FD-4D7A-49D5-9632-F0B358FC6D23}"
EndProject
Project("{8BC9CEB8-8B4A-11D0-8D11-00A0C91BC942}") = "判斷數組是否按照順序排列", "ConsoleApplication21\ConsoleApplication21.vcxproj", "{CC00CD8A-E187-4958-B0F0-01B83B4C12A9}"
EndProject
Project("{8BC9CEB8-8B4A-11D0-8D11-00A0C91BC942}") = "判斷數組排列方式然後執行不同函數", "ConsoleApplication22\ConsoleApplication22.vcxproj", "{E81CD5CA-92AF-456D-8A86-F47FE3BEF8F5}"
EndProject
Project("{8BC9CEB8-8B4A-11D0-8D11-00A0C91BC942}") = "數組在對像中的傳參", "ConsoleApplication23\ConsoleApplication23.vcxproj", "{F70C0298-C38C-4CFA-8BF9-BD6E181FE66E}"
EndProject
Project("{8BC9CEB8-8B4A-11D0-8D11-00A0C91BC942}") = "數組對像", "ConsoleApplication24\ConsoleApplication24.vcxproj", "{40DB6D08-6C0D-48DE-9519-9D681DC41F4D}"
EndProject
Project("{8BC9CEB8-8B4A-11D0-8D11-00A0C91BC942}") = "在數組對像中初始化成員變量", "ConsoleApplication25\ConsoleApplication25.vcxproj", "{BAEB4390-5046-4FF3-8747-B7F9ACC7A917}"
EndProject
Project("{8BC9CEB8-8B4A-11D0-8D11-00A0C91BC942}") = "指針數組", "ConsoleApplication26\ConsoleApplication26.vcxproj", "{71869D70-87A4-44A0-8B58-7A852AB5396B}"
EndProject
Project("{8BC9CEB8-8B4A-11D0-8D11-00A0C91BC942}") = "堆中數組對像", "ConsoleApplication27\ConsoleApplication27.vcxproj", "{AB21F5E1-5B0D-47E0-962E-2B5913F89C0E}"
EndProject
Project("{8BC9CEB8-8B4A-11D0-8D11-00A0C91BC942}") = "枚舉常量與數組", "ConsoleApplication28\ConsoleApplication28.vcxproj", "{31FF3CF0-E219-45E1-A070-44B8D7D2F746}"
EndProject
Project("{8BC9CEB8-8B4A-11D0-8D11-00A0C91BC942}") = "多維數組的初始化", "ConsoleApplication29\ConsoleApplication29.vcxproj", "{523CDFF4-DEE7-44A7-8EBD-AAD20F878490}"
EndProject
Project("{8BC9CEB8-8B4A-11D0-8D11-00A0C91BC942}") = "定義字符數組", "ConsoleApplication30\ConsoleApplication30.vcxproj", "{2455C0FF-4E3A-491F-8CB5-658B40C58B31}"
EndProject
Project("{8BC9CEB8-8B4A-11D0-8D11-00A0C91BC942}") = "字符串的輸入問題", "ConsoleApplication31\ConsoleApplication31.vcxproj", "{8AF759A3-B3A5-4DE7-9C6C-B19AFC632086}"
EndProject
Project("{8BC9CEB8-8B4A-11D0-8D11-00A0C91BC942}") = "字符串處理函數", "ConsoleApplication32\ConsoleApplication32.vcxproj", "{9343BCA2-E092-4E43-912B-253AD1248353}"
EndProject
Project("{8BC9CEB8-8B4A-11D0-8D11-00A0C91BC942}") = "打印楊輝三角形", "ConsoleApplication33\ConsoleApplication33.vcxproj", "{7313B531-C196-43D4-917A-18695741CC6B}"
EndProject
Project("{8BC9CEB8-8B4A-11D0-8D11-00A0C91BC942}") = "動態鏈表", "ConsoleApplication34\ConsoleApplication34.vcxproj", "{F28E1833-5720-4822-A7C2-CA6609310D68}"
EndProject
Project("{8BC9CEB8-8B4A-11D0-8D11-00A0C91BC942}") = "動態鏈表的顯示刪除插入", "ConsoleApplication35\ConsoleApplication35.vcxproj", "{AACA44FB-6E52-4EF0-B717-728C0DCADC69}"
EndProject
Project("{8BC9CEB8-8B4A-11D0-8D11-00A0C91BC942}") = "動態鏈表前插法", "ConsoleApplication36\ConsoleApplication36.vcxproj", "{872C05F9-6BD9-4078-B015-E7E5178EBA35}"
EndProject
Project("{8BC9CEB8-8B4A-11D0-8D11-00A0C91BC942}") = "動態鏈表中間插法", "ConsoleApplication37\ConsoleApplication37.vcxproj", "{F37E887E-4350-4121-9529-162B49385BC4}"
EndProject
Project("{8BC9CEB8-8B4A-11D0-8D11-00A0C91BC942}") = "鏈表統計", "ConsoleApplication38\ConsoleApplication38.vcxproj", "{D3F5335A-9CFB-408E-89FB-2115F9C3B5F4}"
EndProject
Project("{8BC9CEB8-8B4A-11D0-8D11-00A0C91BC942}") = "使用鏈表圖書例子", "ConsoleApplication39\ConsoleApplication39.vcxproj", "{53862A21-2802-4D32-AC0C-5302CEF802FD}"
EndProject
Project("{8BC9CEB8-8B4A-11D0-8D11-00A0C91BC942}") = "ConsoleApplication40", "ConsoleApplication40\ConsoleApplication40.vcxproj", "{4F11354D-4221-4D1F-8386-0547CABECD3F}"
EndProject
Global
	GlobalSection(SolutionConfigurationPlatforms) = preSolution
		Debug|Win32 = Debug|Win32
		Release|Win32 = Release|Win32
	EndGlobalSection
	GlobalSection(ProjectConfigurationPlatforms) = postSolution
		{509F42BF-93B5-477B-852F-65215E8630B9}.Debug|Win32.ActiveCfg = Debug|Win32
		{509F42BF-93B5-477B-852F-65215E8630B9}.Debug|Win32.Build.0 = Debug|Win32
		{509F42BF-93B5-477B-852F-65215E8630B9}.Debug|Win32.Deploy.0 = Debug|Win32
		{509F42BF-93B5-477B-852F-65215E8630B9}.Release|Win32.ActiveCfg = Release|Win32
		{509F42BF-93B5-477B-852F-65215E8630B9}.Release|Win32.Build.0 = Release|Win32
		{509F42BF-93B5-477B-852F-65215E8630B9}.Release|Win32.Deploy.0 = Release|Win32
		{44705D31-A76C-4D89-B249-FF81AB1B2593}.Debug|Win32.ActiveCfg = Debug|Win32
		{44705D31-A76C-4D89-B249-FF81AB1B2593}.Debug|Win32.Build.0 = Debug|Win32
		{44705D31-A76C-4D89-B249-FF81AB1B2593}.Debug|Win32.Deploy.0 = Debug|Win32
		{44705D31-A76C-4D89-B249-FF81AB1B2593}.Release|Win32.ActiveCfg = Release|Win32
		{44705D31-A76C-4D89-B249-FF81AB1B2593}.Release|Win32.Build.0 = Release|Win32
		{44705D31-A76C-4D89-B249-FF81AB1B2593}.Release|Win32.Deploy.0 = Release|Win32
		{22F1C014-E825-4142-AEFE-87A667EE9B17}.Debug|Win32.ActiveCfg = Debug|Win32
		{22F1C014-E825-4142-AEFE-87A667EE9B17}.Debug|Win32.Build.0 = Debug|Win32
		{22F1C014-E825-4142-AEFE-87A667EE9B17}.Debug|Win32.Deploy.0 = Debug|Win32
		{22F1C014-E825-4142-AEFE-87A667EE9B17}.Release|Win32.ActiveCfg = Release|Win32
		{22F1C014-E825-4142-AEFE-87A667EE9B17}.Release|Win32.Build.0 = Release|Win32
		{22F1C014-E825-4142-AEFE-87A667EE9B17}.Release|Win32.Deploy.0 = Release|Win32
		{B54DA35F-311E-41C7-A81B-A7EF73E1B9A3}.Debug|Win32.ActiveCfg = Debug|Win32
		{B54DA35F-311E-41C7-A81B-A7EF73E1B9A3}.Debug|Win32.Build.0 = Debug|Win32
		{B54DA35F-311E-41C7-A81B-A7EF73E1B9A3}.Debug|Win32.Deploy.0 = Debug|Win32
		{B54DA35F-311E-41C7-A81B-A7EF73E1B9A3}.Release|Win32.ActiveCfg = Release|Win32
		{B54DA35F-311E-41C7-A81B-A7EF73E1B9A3}.Release|Win32.Build.0 = Release|Win32
		{B54DA35F-311E-41C7-A81B-A7EF73E1B9A3}.Release|Win32.Deploy.0 = Release|Win32
		{F838CC42-FF1A-44C2-A648-1B4B9115BA47}.Debug|Win32.ActiveCfg = Debug|Win32
		{F838CC42-FF1A-44C2-A648-1B4B9115BA47}.Debug|Win32.Build.0 = Debug|Win32
		{F838CC42-FF1A-44C2-A648-1B4B9115BA47}.Debug|Win32.Deploy.0 = Debug|Win32
		{F838CC42-FF1A-44C2-A648-1B4B9115BA47}.Release|Win32.ActiveCfg = Release|Win32
		{F838CC42-FF1A-44C2-A648-1B4B9115BA47}.Release|Win32.Build.0 = Release|Win32
		{F838CC42-FF1A-44C2-A648-1B4B9115BA47}.Release|Win32.Deploy.0 = Release|Win32
		{8E4AD380-8DCA-448D-B00C-334CE5E92794}.Debug|Win32.ActiveCfg = Debug|Win32
		{8E4AD380-8DCA-448D-B00C-334CE5E92794}.Debug|Win32.Build.0 = Debug|Win32
		{8E4AD380-8DCA-448D-B00C-334CE5E92794}.Debug|Win32.Deploy.0 = Debug|Win32
		{8E4AD380-8DCA-448D-B00C-334CE5E92794}.Release|Win32.ActiveCfg = Release|Win32
		{8E4AD380-8DCA-448D-B00C-334CE5E92794}.Release|Win32.Build.0 = Release|Win32
		{8E4AD380-8DCA-448D-B00C-334CE5E92794}.Release|Win32.Deploy.0 = Release|Win32
		{AA664DEF-74C9-4B30-9753-0D3E162D0B69}.Debug|Win32.ActiveCfg = Debug|Win32
		{AA664DEF-74C9-4B30-9753-0D3E162D0B69}.Debug|Win32.Build.0 = Debug|Win32
		{AA664DEF-74C9-4B30-9753-0D3E162D0B69}.Debug|Win32.Deploy.0 = Debug|Win32
		{AA664DEF-74C9-4B30-9753-0D3E162D0B69}.Release|Win32.ActiveCfg = Release|Win32
		{AA664DEF-74C9-4B30-9753-0D3E162D0B69}.Release|Win32.Build.0 = Release|Win32
		{AA664DEF-74C9-4B30-9753-0D3E162D0B69}.Release|Win32.Deploy.0 = Release|Win32
		{5E027342-8348-4937-A0DE-C237F1283D10}.Debug|Win32.ActiveCfg = Debug|Win32
		{5E027342-8348-4937-A0DE-C237F1283D10}.Debug|Win32.Build.0 = Debug|Win32
		{5E027342-8348-4937-A0DE-C237F1283D10}.Debug|Win32.Deploy.0 = Debug|Win32
		{5E027342-8348-4937-A0DE-C237F1283D10}.Release|Win32.ActiveCfg = Release|Win32
		{5E027342-8348-4937-A0DE-C237F1283D10}.Release|Win32.Build.0 = Release|Win32
		{5E027342-8348-4937-A0DE-C237F1283D10}.Release|Win32.Deploy.0 = Release|Win32
		{2CEB2CE3-19D3-4D68-9BD6-EBCBC9ADDEF5}.Debug|Win32.ActiveCfg = Debug|Win32
		{2CEB2CE3-19D3-4D68-9BD6-EBCBC9ADDEF5}.Debug|Win32.Build.0 = Debug|Win32
		{2CEB2CE3-19D3-4D68-9BD6-EBCBC9ADDEF5}.Debug|Win32.Deploy.0 = Debug|Win32
		{2CEB2CE3-19D3-4D68-9BD6-EBCBC9ADDEF5}.Release|Win32.ActiveCfg = Release|Win32
		{2CEB2CE3-19D3-4D68-9BD6-EBCBC9ADDEF5}.Release|Win32.Build.0 = Release|Win32
		{2CEB2CE3-19D3-4D68-9BD6-EBCBC9ADDEF5}.Release|Win32.Deploy.0 = Release|Win32
		{8EFF20B0-F2A9-4640-BABD-D528CBD22395}.Debug|Win32.ActiveCfg = Debug|Win32
		{8EFF20B0-F2A9-4640-BABD-D528CBD22395}.Debug|Win32.Build.0 = Debug|Win32
		{8EFF20B0-F2A9-4640-BABD-D528CBD22395}.Debug|Win32.Deploy.0 = Debug|Win32
		{8EFF20B0-F2A9-4640-BABD-D528CBD22395}.Release|Win32.ActiveCfg = Release|Win32
		{8EFF20B0-F2A9-4640-BABD-D528CBD22395}.Release|Win32.Build.0 = Release|Win32
		{8EFF20B0-F2A9-4640-BABD-D528CBD22395}.Release|Win32.Deploy.0 = Release|Win32
		{9CB9867F-9F21-4B11-A858-EC21C522A9D0}.Debug|Win32.ActiveCfg = Debug|Win32
		{9CB9867F-9F21-4B11-A858-EC21C522A9D0}.Debug|Win32.Build.0 = Debug|Win32
		{9CB9867F-9F21-4B11-A858-EC21C522A9D0}.Debug|Win32.Deploy.0 = Debug|Win32
		{9CB9867F-9F21-4B11-A858-EC21C522A9D0}.Release|Win32.ActiveCfg = Release|Win32
		{9CB9867F-9F21-4B11-A858-EC21C522A9D0}.Release|Win32.Build.0 = Release|Win32
		{9CB9867F-9F21-4B11-A858-EC21C522A9D0}.Release|Win32.Deploy.0 = Release|Win32
		{C26163F8-1430-48ED-8000-18E839F251D2}.Debug|Win32.ActiveCfg = Debug|Win32
		{C26163F8-1430-48ED-8000-18E839F251D2}.Debug|Win32.Build.0 = Debug|Win32
		{C26163F8-1430-48ED-8000-18E839F251D2}.Debug|Win32.Deploy.0 = Debug|Win32
		{C26163F8-1430-48ED-8000-18E839F251D2}.Release|Win32.ActiveCfg = Release|Win32
		{C26163F8-1430-48ED-8000-18E839F251D2}.Release|Win32.Build.0 = Release|Win32
		{C26163F8-1430-48ED-8000-18E839F251D2}.Release|Win32.Deploy.0 = Release|Win32
		{787E9619-C362-4598-A8D0-63F99EA807E5}.Debug|Win32.ActiveCfg = Debug|Win32
		{787E9619-C362-4598-A8D0-63F99EA807E5}.Debug|Win32.Build.0 = Debug|Win32
		{787E9619-C362-4598-A8D0-63F99EA807E5}.Debug|Win32.Deploy.0 = Debug|Win32
		{787E9619-C362-4598-A8D0-63F99EA807E5}.Release|Win32.ActiveCfg = Release|Win32
		{787E9619-C362-4598-A8D0-63F99EA807E5}.Release|Win32.Build.0 = Release|Win32
		{787E9619-C362-4598-A8D0-63F99EA807E5}.Release|Win32.Deploy.0 = Release|Win32
		{952A7B29-7ED4-4767-B01A-CF6561AF8F33}.Debug|Win32.ActiveCfg = Debug|Win32
		{952A7B29-7ED4-4767-B01A-CF6561AF8F33}.Debug|Win32.Build.0 = Debug|Win32
		{952A7B29-7ED4-4767-B01A-CF6561AF8F33}.Debug|Win32.Deploy.0 = Debug|Win32
		{952A7B29-7ED4-4767-B01A-CF6561AF8F33}.Release|Win32.ActiveCfg = Release|Win32
		{952A7B29-7ED4-4767-B01A-CF6561AF8F33}.Release|Win32.Build.0 = Release|Win32
		{952A7B29-7ED4-4767-B01A-CF6561AF8F33}.Release|Win32.Deploy.0 = Release|Win32
		{93CAB97A-1146-43ED-ABE3-90AD2202BF2B}.Debug|Win32.ActiveCfg = Debug|Win32
		{93CAB97A-1146-43ED-ABE3-90AD2202BF2B}.Debug|Win32.Build.0 = Debug|Win32
		{93CAB97A-1146-43ED-ABE3-90AD2202BF2B}.Debug|Win32.Deploy.0 = Debug|Win32
		{93CAB97A-1146-43ED-ABE3-90AD2202BF2B}.Release|Win32.ActiveCfg = Release|Win32
		{93CAB97A-1146-43ED-ABE3-90AD2202BF2B}.Release|Win32.Build.0 = Release|Win32
		{93CAB97A-1146-43ED-ABE3-90AD2202BF2B}.Release|Win32.Deploy.0 = Release|Win32
		{91BDF45E-DFA9-43EF-B68E-5C0BB6AF1206}.Debug|Win32.ActiveCfg = Debug|Win32
		{91BDF45E-DFA9-43EF-B68E-5C0BB6AF1206}.Debug|Win32.Build.0 = Debug|Win32
		{91BDF45E-DFA9-43EF-B68E-5C0BB6AF1206}.Debug|Win32.Deploy.0 = Debug|Win32
		{91BDF45E-DFA9-43EF-B68E-5C0BB6AF1206}.Release|Win32.ActiveCfg = Release|Win32
		{91BDF45E-DFA9-43EF-B68E-5C0BB6AF1206}.Release|Win32.Build.0 = Release|Win32
		{91BDF45E-DFA9-43EF-B68E-5C0BB6AF1206}.Release|Win32.Deploy.0 = Release|Win32
		{0D85764D-295E-4661-B1B0-4ACE28B0C3C9}.Debug|Win32.ActiveCfg = Debug|Win32
		{0D85764D-295E-4661-B1B0-4ACE28B0C3C9}.Debug|Win32.Build.0 = Debug|Win32
		{0D85764D-295E-4661-B1B0-4ACE28B0C3C9}.Debug|Win32.Deploy.0 = Debug|Win32
		{0D85764D-295E-4661-B1B0-4ACE28B0C3C9}.Release|Win32.ActiveCfg = Release|Win32
		{0D85764D-295E-4661-B1B0-4ACE28B0C3C9}.Release|Win32.Build.0 = Release|Win32
		{0D85764D-295E-4661-B1B0-4ACE28B0C3C9}.Release|Win32.Deploy.0 = Release|Win32
		{BA3BE05F-CEDB-4479-8169-8EA3FE0C9416}.Debug|Win32.ActiveCfg = Debug|Win32
		{BA3BE05F-CEDB-4479-8169-8EA3FE0C9416}.Debug|Win32.Build.0 = Debug|Win32
		{BA3BE05F-CEDB-4479-8169-8EA3FE0C9416}.Debug|Win32.Deploy.0 = Debug|Win32
		{BA3BE05F-CEDB-4479-8169-8EA3FE0C9416}.Release|Win32.ActiveCfg = Release|Win32
		{BA3BE05F-CEDB-4479-8169-8EA3FE0C9416}.Release|Win32.Build.0 = Release|Win32
		{BA3BE05F-CEDB-4479-8169-8EA3FE0C9416}.Release|Win32.Deploy.0 = Release|Win32
		{C65887FD-4D7A-49D5-9632-F0B358FC6D23}.Debug|Win32.ActiveCfg = Debug|Win32
		{C65887FD-4D7A-49D5-9632-F0B358FC6D23}.Debug|Win32.Build.0 = Debug|Win32
		{C65887FD-4D7A-49D5-9632-F0B358FC6D23}.Debug|Win32.Deploy.0 = Debug|Win32
		{C65887FD-4D7A-49D5-9632-F0B358FC6D23}.Release|Win32.ActiveCfg = Release|Win32
		{C65887FD-4D7A-49D5-9632-F0B358FC6D23}.Release|Win32.Build.0 = Release|Win32
		{C65887FD-4D7A-49D5-9632-F0B358FC6D23}.Release|Win32.Deploy.0 = Release|Win32
		{CC00CD8A-E187-4958-B0F0-01B83B4C12A9}.Debug|Win32.ActiveCfg = Debug|Win32
		{CC00CD8A-E187-4958-B0F0-01B83B4C12A9}.Debug|Win32.Build.0 = Debug|Win32
		{CC00CD8A-E187-4958-B0F0-01B83B4C12A9}.Debug|Win32.Deploy.0 = Debug|Win32
		{CC00CD8A-E187-4958-B0F0-01B83B4C12A9}.Release|Win32.ActiveCfg = Release|Win32
		{CC00CD8A-E187-4958-B0F0-01B83B4C12A9}.Release|Win32.Build.0 = Release|Win32
		{CC00CD8A-E187-4958-B0F0-01B83B4C12A9}.Release|Win32.Deploy.0 = Release|Win32
		{E81CD5CA-92AF-456D-8A86-F47FE3BEF8F5}.Debug|Win32.ActiveCfg = Debug|Win32
		{E81CD5CA-92AF-456D-8A86-F47FE3BEF8F5}.Debug|Win32.Build.0 = Debug|Win32
		{E81CD5CA-92AF-456D-8A86-F47FE3BEF8F5}.Debug|Win32.Deploy.0 = Debug|Win32
		{E81CD5CA-92AF-456D-8A86-F47FE3BEF8F5}.Release|Win32.ActiveCfg = Release|Win32
		{E81CD5CA-92AF-456D-8A86-F47FE3BEF8F5}.Release|Win32.Build.0 = Release|Win32
		{E81CD5CA-92AF-456D-8A86-F47FE3BEF8F5}.Release|Win32.Deploy.0 = Release|Win32
		{F70C0298-C38C-4CFA-8BF9-BD6E181FE66E}.Debug|Win32.ActiveCfg = Debug|Win32
		{F70C0298-C38C-4CFA-8BF9-BD6E181FE66E}.Debug|Win32.Build.0 = Debug|Win32
		{F70C0298-C38C-4CFA-8BF9-BD6E181FE66E}.Debug|Win32.Deploy.0 = Debug|Win32
		{F70C0298-C38C-4CFA-8BF9-BD6E181FE66E}.Release|Win32.ActiveCfg = Release|Win32
		{F70C0298-C38C-4CFA-8BF9-BD6E181FE66E}.Release|Win32.Build.0 = Release|Win32
		{F70C0298-C38C-4CFA-8BF9-BD6E181FE66E}.Release|Win32.Deploy.0 = Release|Win32
		{40DB6D08-6C0D-48DE-9519-9D681DC41F4D}.Debug|Win32.ActiveCfg = Debug|Win32
		{40DB6D08-6C0D-48DE-9519-9D681DC41F4D}.Debug|Win32.Build.0 = Debug|Win32
		{40DB6D08-6C0D-48DE-9519-9D681DC41F4D}.Debug|Win32.Deploy.0 = Debug|Win32
		{40DB6D08-6C0D-48DE-9519-9D681DC41F4D}.Release|Win32.ActiveCfg = Release|Win32
		{40DB6D08-6C0D-48DE-9519-9D681DC41F4D}.Release|Win32.Build.0 = Release|Win32
		{40DB6D08-6C0D-48DE-9519-9D681DC41F4D}.Release|Win32.Deploy.0 = Release|Win32
		{BAEB4390-5046-4FF3-8747-B7F9ACC7A917}.Debug|Win32.ActiveCfg = Debug|Win32
		{BAEB4390-5046-4FF3-8747-B7F9ACC7A917}.Debug|Win32.Build.0 = Debug|Win32
		{BAEB4390-5046-4FF3-8747-B7F9ACC7A917}.Debug|Win32.Deploy.0 = Debug|Win32
		{BAEB4390-5046-4FF3-8747-B7F9ACC7A917}.Release|Win32.ActiveCfg = Release|Win32
		{BAEB4390-5046-4FF3-8747-B7F9ACC7A917}.Release|Win32.Build.0 = Release|Win32
		{BAEB4390-5046-4FF3-8747-B7F9ACC7A917}.Release|Win32.Deploy.0 = Release|Win32
		{71869D70-87A4-44A0-8B58-7A852AB5396B}.Debug|Win32.ActiveCfg = Debug|Win32
		{71869D70-87A4-44A0-8B58-7A852AB5396B}.Debug|Win32.Build.0 = Debug|Win32
		{71869D70-87A4-44A0-8B58-7A852AB5396B}.Debug|Win32.Deploy.0 = Debug|Win32
		{71869D70-87A4-44A0-8B58-7A852AB5396B}.Release|Win32.ActiveCfg = Release|Win32
		{71869D70-87A4-44A0-8B58-7A852AB5396B}.Release|Win32.Build.0 = Release|Win32
		{71869D70-87A4-44A0-8B58-7A852AB5396B}.Release|Win32.Deploy.0 = Release|Win32
		{AB21F5E1-5B0D-47E0-962E-2B5913F89C0E}.Debug|Win32.ActiveCfg = Debug|Win32
		{AB21F5E1-5B0D-47E0-962E-2B5913F89C0E}.Debug|Win32.Build.0 = Debug|Win32
		{AB21F5E1-5B0D-47E0-962E-2B5913F89C0E}.Debug|Win32.Deploy.0 = Debug|Win32
		{AB21F5E1-5B0D-47E0-962E-2B5913F89C0E}.Release|Win32.ActiveCfg = Release|Win32
		{AB21F5E1-5B0D-47E0-962E-2B5913F89C0E}.Release|Win32.Build.0 = Release|Win32
		{AB21F5E1-5B0D-47E0-962E-2B5913F89C0E}.Release|Win32.Deploy.0 = Release|Win32
		{31FF3CF0-E219-45E1-A070-44B8D7D2F746}.Debug|Win32.ActiveCfg = Debug|Win32
		{31FF3CF0-E219-45E1-A070-44B8D7D2F746}.Debug|Win32.Build.0 = Debug|Win32
		{31FF3CF0-E219-45E1-A070-44B8D7D2F746}.Debug|Win32.Deploy.0 = Debug|Win32
		{31FF3CF0-E219-45E1-A070-44B8D7D2F746}.Release|Win32.ActiveCfg = Release|Win32
		{31FF3CF0-E219-45E1-A070-44B8D7D2F746}.Release|Win32.Build.0 = Release|Win32
		{31FF3CF0-E219-45E1-A070-44B8D7D2F746}.Release|Win32.Deploy.0 = Release|Win32
		{523CDFF4-DEE7-44A7-8EBD-AAD20F878490}.Debug|Win32.ActiveCfg = Debug|Win32
		{523CDFF4-DEE7-44A7-8EBD-AAD20F878490}.Debug|Win32.Build.0 = Debug|Win32
		{523CDFF4-DEE7-44A7-8EBD-AAD20F878490}.Debug|Win32.Deploy.0 = Debug|Win32
		{523CDFF4-DEE7-44A7-8EBD-AAD20F878490}.Release|Win32.ActiveCfg = Release|Win32
		{523CDFF4-DEE7-44A7-8EBD-AAD20F878490}.Release|Win32.Build.0 = Release|Win32
		{523CDFF4-DEE7-44A7-8EBD-AAD20F878490}.Release|Win32.Deploy.0 = Release|Win32
		{2455C0FF-4E3A-491F-8CB5-658B40C58B31}.Debug|Win32.ActiveCfg = Debug|Win32
		{2455C0FF-4E3A-491F-8CB5-658B40C58B31}.Debug|Win32.Build.0 = Debug|Win32
		{2455C0FF-4E3A-491F-8CB5-658B40C58B31}.Debug|Win32.Deploy.0 = Debug|Win32
		{2455C0FF-4E3A-491F-8CB5-658B40C58B31}.Release|Win32.ActiveCfg = Release|Win32
		{2455C0FF-4E3A-491F-8CB5-658B40C58B31}.Release|Win32.Build.0 = Release|Win32
		{2455C0FF-4E3A-491F-8CB5-658B40C58B31}.Release|Win32.Deploy.0 = Release|Win32
		{8AF759A3-B3A5-4DE7-9C6C-B19AFC632086}.Debug|Win32.ActiveCfg = Debug|Win32
		{8AF759A3-B3A5-4DE7-9C6C-B19AFC632086}.Debug|Win32.Build.0 = Debug|Win32
		{8AF759A3-B3A5-4DE7-9C6C-B19AFC632086}.Debug|Win32.Deploy.0 = Debug|Win32
		{8AF759A3-B3A5-4DE7-9C6C-B19AFC632086}.Release|Win32.ActiveCfg = Release|Win32
		{8AF759A3-B3A5-4DE7-9C6C-B19AFC632086}.Release|Win32.Build.0 = Release|Win32
		{8AF759A3-B3A5-4DE7-9C6C-B19AFC632086}.Release|Win32.Deploy.0 = Release|Win32
		{9343BCA2-E092-4E43-912B-253AD1248353}.Debug|Win32.ActiveCfg = Debug|Win32
		{9343BCA2-E092-4E43-912B-253AD1248353}.Debug|Win32.Build.0 = Debug|Win32
		{9343BCA2-E092-4E43-912B-253AD1248353}.Debug|Win32.Deploy.0 = Debug|Win32
		{9343BCA2-E092-4E43-912B-253AD1248353}.Release|Win32.ActiveCfg = Release|Win32
		{9343BCA2-E092-4E43-912B-253AD1248353}.Release|Win32.Build.0 = Release|Win32
		{9343BCA2-E092-4E43-912B-253AD1248353}.Release|Win32.Deploy.0 = Release|Win32
		{7313B531-C196-43D4-917A-18695741CC6B}.Debug|Win32.ActiveCfg = Debug|Win32
		{7313B531-C196-43D4-917A-18695741CC6B}.Debug|Win32.Build.0 = Debug|Win32
		{7313B531-C196-43D4-917A-18695741CC6B}.Debug|Win32.Deploy.0 = Debug|Win32
		{7313B531-C196-43D4-917A-18695741CC6B}.Release|Win32.ActiveCfg = Release|Win32
		{7313B531-C196-43D4-917A-18695741CC6B}.Release|Win32.Build.0 = Release|Win32
		{7313B531-C196-43D4-917A-18695741CC6B}.Release|Win32.Deploy.0 = Release|Win32
		{F28E1833-5720-4822-A7C2-CA6609310D68}.Debug|Win32.ActiveCfg = Debug|Win32
		{F28E1833-5720-4822-A7C2-CA6609310D68}.Debug|Win32.Build.0 = Debug|Win32
		{F28E1833-5720-4822-A7C2-CA6609310D68}.Debug|Win32.Deploy.0 = Debug|Win32
		{F28E1833-5720-4822-A7C2-CA6609310D68}.Release|Win32.ActiveCfg = Release|Win32
		{F28E1833-5720-4822-A7C2-CA6609310D68}.Release|Win32.Build.0 = Release|Win32
		{F28E1833-5720-4822-A7C2-CA6609310D68}.Release|Win32.Deploy.0 = Release|Win32
		{AACA44FB-6E52-4EF0-B717-728C0DCADC69}.Debug|Win32.ActiveCfg = Debug|Win32
		{AACA44FB-6E52-4EF0-B717-728C0DCADC69}.Debug|Win32.Build.0 = Debug|Win32
		{AACA44FB-6E52-4EF0-B717-728C0DCADC69}.Release|Win32.ActiveCfg = Release|Win32
		{AACA44FB-6E52-4EF0-B717-728C0DCADC69}.Release|Win32.Build.0 = Release|Win32
		{872C05F9-6BD9-4078-B015-E7E5178EBA35}.Debug|Win32.ActiveCfg = Debug|Win32
		{872C05F9-6BD9-4078-B015-E7E5178EBA35}.Debug|Win32.Build.0 = Debug|Win32
		{872C05F9-6BD9-4078-B015-E7E5178EBA35}.Release|Win32.ActiveCfg = Release|Win32
		{872C05F9-6BD9-4078-B015-E7E5178EBA35}.Release|Win32.Build.0 = Release|Win32
		{F37E887E-4350-4121-9529-162B49385BC4}.Debug|Win32.ActiveCfg = Debug|Win32
		{F37E887E-4350-4121-9529-162B49385BC4}.Debug|Win32.Build.0 = Debug|Win32
		{F37E887E-4350-4121-9529-162B49385BC4}.Release|Win32.ActiveCfg = Release|Win32
		{F37E887E-4350-4121-9529-162B49385BC4}.Release|Win32.Build.0 = Release|Win32
		{D3F5335A-9CFB-408E-89FB-2115F9C3B5F4}.Debug|Win32.ActiveCfg = Debug|Win32
		{D3F5335A-9CFB-408E-89FB-2115F9C3B5F4}.Debug|Win32.Build.0 = Debug|Win32
		{D3F5335A-9CFB-408E-89FB-2115F9C3B5F4}.Release|Win32.ActiveCfg = Release|Win32
		{D3F5335A-9CFB-408E-89FB-2115F9C3B5F4}.Release|Win32.Build.0 = Release|Win32
		{53862A21-2802-4D32-AC0C-5302CEF802FD}.Debug|Win32.ActiveCfg = Debug|Win32
		{53862A21-2802-4D32-AC0C-5302CEF802FD}.Debug|Win32.Build.0 = Debug|Win32
		{53862A21-2802-4D32-AC0C-5302CEF802FD}.Release|Win32.ActiveCfg = Release|Win32
		{53862A21-2802-4D32-AC0C-5302CEF802FD}.Release|Win32.Build.0 = Release|Win32
		{4F11354D-4221-4D1F-8386-0547CABECD3F}.Debug|Win32.ActiveCfg = Debug|Win32
		{4F11354D-4221-4D1F-8386-0547CABECD3F}.Debug|Win32.Build.0 = Debug|Win32
		{4F11354D-4221-4D1F-8386-0547CABECD3F}.Release|Win32.ActiveCfg = Release|Win32
		{4F11354D-4221-4D1F-8386-0547CABECD3F}.Release|Win32.Build.0 = Release|Win32
	EndGlobalSection
	GlobalSection(SolutionProperties) = preSolution
		HideSolutionNode = FALSE
	EndGlobalSection
EndGlobal
