
Microsoft Visual Studio Solution File, Format Version 12.00
# Visual Studio 2012
Project("{8BC9CEB8-8B4A-11D0-8D11-00A0C91BC942}") = "explicit", "ConsoleApplication2\ConsoleApplication2.vcxproj", "{509F42BF-93B5-477B-852F-65215E8630B9}"
EndProject
Project("{8BC9CEB8-8B4A-11D0-8D11-00A0C91BC942}") = "Copy_constructor", "ConsoleApplication1\ConsoleApplication1.vcxproj", "{44705D31-A76C-4D89-B249-FF81AB1B2593}"
EndProject
Project("{8BC9CEB8-8B4A-11D0-8D11-00A0C91BC942}") = "operator_rear_add", "ConsoleApplication3\ConsoleApplication3.vcxproj", "{22F1C014-E825-4142-AEFE-87A667EE9B17}"
EndProject
Project("{8BC9CEB8-8B4A-11D0-8D11-00A0C91BC942}") = "operator", "ConsoleApplication5\ConsoleApplication5.vcxproj", "{B54DA35F-311E-41C7-A81B-A7EF73E1B9A3}"
EndProject
Project("{8BC9CEB8-8B4A-11D0-8D11-00A0C91BC942}") = "Multiple_inheritance", "ConsoleApplication6\ConsoleApplication6.vcxproj", "{F838CC42-FF1A-44C2-A648-1B4B9115BA47}"
EndProject
Project("{8BC9CEB8-8B4A-11D0-8D11-00A0C91BC942}") = "Inherited_constructor_and_destructor", "ConsoleApplication7\ConsoleApplication7.vcxproj", "{8E4AD380-8DCA-448D-B00C-334CE5E92794}"
EndProject
Project("{8BC9CEB8-8B4A-11D0-8D11-00A0C91BC942}") = "To_pass_parameters_to_the_base_class_constructor", "ConsoleApplication8\ConsoleApplication8.vcxproj", "{AA664DEF-74C9-4B30-9753-0D3E162D0B69}"
EndProject
Project("{8BC9CEB8-8B4A-11D0-8D11-00A0C91BC942}") = "Ambiguity_of_multiple_inheritance_prone", "ConsoleApplication9\ConsoleApplication9.vcxproj", "{5E027342-8348-4937-A0DE-C237F1283D10}"
EndProject
Project("{8BC9CEB8-8B4A-11D0-8D11-00A0C91BC942}") = "Inherited_overloaded", "ConsoleApplication10\ConsoleApplication10.vcxproj", "{2CEB2CE3-19D3-4D68-9BD6-EBCBC9ADDEF5}"
EndProject
Project("{8BC9CEB8-8B4A-11D0-8D11-00A0C91BC942}") = "Two_ambiguous_attribution", "ConsoleApplication11\ConsoleApplication11.vcxproj", "{8EFF20B0-F2A9-4640-BABD-D528CBD22395}"
EndProject
Project("{8BC9CEB8-8B4A-11D0-8D11-00A0C91BC942}") = "To_reduce_the_issue_of_confusion_between_two_opinions_generated", "ConsoleApplication12\ConsoleApplication12.vcxproj", "{9CB9867F-9F21-4B11-A858-EC21C522A9D0}"
EndProject
Project("{8BC9CEB8-8B4A-11D0-8D11-00A0C91BC942}") = "Pointer_to_an_object", "ConsoleApplication13\ConsoleApplication13.vcxproj", "{C26163F8-1430-48ED-8000-18E839F251D2}"
EndProject
Project("{8BC9CEB8-8B4A-11D0-8D11-00A0C91BC942}") = "Virtual_function_00", "ConsoleApplication14\ConsoleApplication14.vcxproj", "{787E9619-C362-4598-A8D0-63F99EA807E5}"
EndProject
Project("{8BC9CEB8-8B4A-11D0-8D11-00A0C91BC942}") = "pounds", "ConsoleApplication15\ConsoleApplication15.vcxproj", "{952A7B29-7ED4-4767-B01A-CF6561AF8F33}"
EndProject
Project("{8BC9CEB8-8B4A-11D0-8D11-00A0C91BC942}") = "Static_binding_at_compile_time", "ConsoleApplication16\ConsoleApplication16.vcxproj", "{93CAB97A-1146-43ED-ABE3-90AD2202BF2B}"
EndProject
Project("{8BC9CEB8-8B4A-11D0-8D11-00A0C91BC942}") = "Static_build_runtime", "ConsoleApplication17\ConsoleApplication17.vcxproj", "{91BDF45E-DFA9-43EF-B68E-5C0BB6AF1206}"
EndProject
Project("{8BC9CEB8-8B4A-11D0-8D11-00A0C91BC942}") = "Dynamic_binding_at_compile_time", "ConsoleApplication18\ConsoleApplication18.vcxproj", "{0D85764D-295E-4661-B1B0-4ACE28B0C3C9}"
EndProject
Project("{8BC9CEB8-8B4A-11D0-8D11-00A0C91BC942}") = "Comparison_of_three_call_a_virtual_function", "ConsoleApplication19\ConsoleApplication19.vcxproj", "{BA3BE05F-CEDB-4479-8169-8EA3FE0C9416}"
EndProject
Project("{8BC9CEB8-8B4A-11D0-8D11-00A0C91BC942}") = "Virtual_constructor_and_destructor", "ConsoleApplication20\ConsoleApplication20.vcxproj", "{C65887FD-4D7A-49D5-9632-F0B358FC6D23}"
EndProject
Project("{8BC9CEB8-8B4A-11D0-8D11-00A0C91BC942}") = "Determine_whether_the_array_in_accordance_with_the_order", "ConsoleApplication21\ConsoleApplication21.vcxproj", "{CC00CD8A-E187-4958-B0F0-01B83B4C12A9}"
EndProject
Project("{8BC9CEB8-8B4A-11D0-8D11-00A0C91BC942}") = "Judge_array_arrangement_then_perform_different_functions", "ConsoleApplication22\ConsoleApplication22.vcxproj", "{E81CD5CA-92AF-456D-8A86-F47FE3BEF8F5}"
EndProject
Project("{8BC9CEB8-8B4A-11D0-8D11-00A0C91BC942}") = "Pass_argument_array_on_like", "ConsoleApplication23\ConsoleApplication23.vcxproj", "{F70C0298-C38C-4CFA-8BF9-BD6E181FE66E}"
EndProject
Project("{8BC9CEB8-8B4A-11D0-8D11-00A0C91BC942}") = "Array_object", "ConsoleApplication24\ConsoleApplication24.vcxproj", "{40DB6D08-6C0D-48DE-9519-9D681DC41F4D}"
EndProject
Project("{8BC9CEB8-8B4A-11D0-8D11-00A0C91BC942}") = "In_the_array_of_variables_like_initialize_members", "ConsoleApplication25\ConsoleApplication25.vcxproj", "{BAEB4390-5046-4FF3-8747-B7F9ACC7A917}"
EndProject
Project("{8BC9CEB8-8B4A-11D0-8D11-00A0C91BC942}") = "Array_of_pointers", "ConsoleApplication26\ConsoleApplication26.vcxproj", "{71869D70-87A4-44A0-8B58-7A852AB5396B}"
EndProject
Project("{8BC9CEB8-8B4A-11D0-8D11-00A0C91BC942}") = "The_heap_array_on_like", "ConsoleApplication27\ConsoleApplication27.vcxproj", "{AB21F5E1-5B0D-47E0-962E-2B5913F89C0E}"
EndProject
Project("{8BC9CEB8-8B4A-11D0-8D11-00A0C91BC942}") = "Enumeration_constant_array", "ConsoleApplication28\ConsoleApplication28.vcxproj", "{31FF3CF0-E219-45E1-A070-44B8D7D2F746}"
EndProject
Project("{8BC9CEB8-8B4A-11D0-8D11-00A0C91BC942}") = "Multidimensional_array_initialization", "ConsoleApplication29\ConsoleApplication29.vcxproj", "{523CDFF4-DEE7-44A7-8EBD-AAD20F878490}"
EndProject
Project("{8BC9CEB8-8B4A-11D0-8D11-00A0C91BC942}") = "Define_a_character_array", "ConsoleApplication30\ConsoleApplication30.vcxproj", "{2455C0FF-4E3A-491F-8CB5-658B40C58B31}"
EndProject
Project("{8BC9CEB8-8B4A-11D0-8D11-00A0C91BC942}") = "String_input", "ConsoleApplication31\ConsoleApplication31.vcxproj", "{8AF759A3-B3A5-4DE7-9C6C-B19AFC632086}"
EndProject
Project("{8BC9CEB8-8B4A-11D0-8D11-00A0C91BC942}") = "String_processing_functions", "ConsoleApplication32\ConsoleApplication32.vcxproj", "{9343BCA2-E092-4E43-912B-253AD1248353}"
EndProject
Project("{8BC9CEB8-8B4A-11D0-8D11-00A0C91BC942}") = "Print_Triangle", "ConsoleApplication33\ConsoleApplication33.vcxproj", "{7313B531-C196-43D4-917A-18695741CC6B}"
EndProject
Project("{8BC9CEB8-8B4A-11D0-8D11-00A0C91BC942}") = "Dynamic_list", "ConsoleApplication34\ConsoleApplication34.vcxproj", "{F28E1833-5720-4822-A7C2-CA6609310D68}"
EndProject
Project("{8BC9CEB8-8B4A-11D0-8D11-00A0C91BC942}") = "Delete_insert_dynamic_list_display", "ConsoleApplication35\ConsoleApplication35.vcxproj", "{AACA44FB-6E52-4EF0-B717-728C0DCADC69}"
EndProject
Project("{8BC9CEB8-8B4A-11D0-8D11-00A0C91BC942}") = "Dynamic_linked_list_prepend_law", "ConsoleApplication36\ConsoleApplication36.vcxproj", "{872C05F9-6BD9-4078-B015-E7E5178EBA35}"
EndProject
Project("{8BC9CEB8-8B4A-11D0-8D11-00A0C91BC942}") = "Dynamic_linked_list_of_intermediate_interpolation", "ConsoleApplication37\ConsoleApplication37.vcxproj", "{F37E887E-4350-4121-9529-162B49385BC4}"
EndProject
Project("{8BC9CEB8-8B4A-11D0-8D11-00A0C91BC942}") = "Linked_list_statistics", "ConsoleApplication38\ConsoleApplication38.vcxproj", "{D3F5335A-9CFB-408E-89FB-2115F9C3B5F4}"
EndProject
Project("{8BC9CEB8-8B4A-11D0-8D11-00A0C91BC942}") = "Use_a_linked_list_of_books_example", "ConsoleApplication39\ConsoleApplication39.vcxproj", "{53862A21-2802-4D32-AC0C-5302CEF802FD}"
EndProject
Project("{8BC9CEB8-8B4A-11D0-8D11-00A0C91BC942}") = "Pure_virtual_function_and_abstract_class", "ConsoleApplication40\ConsoleApplication40.vcxproj", "{4F11354D-4221-4D1F-8386-0547CABECD3F}"
EndProject
Project("{8BC9CEB8-8B4A-11D0-8D11-00A0C91BC942}") = "Instance_of_abstract_class", "ConsoleApplication41\ConsoleApplication41.vcxproj", "{2FBCCA08-69BA-47B2-9513-B92DEB2301DF}"
EndProject
Project("{8BC9CEB8-8B4A-11D0-8D11-00A0C91BC942}") = "Complex_abstract_structure", "ConsoleApplication42\ConsoleApplication42.vcxproj", "{ACA94EA2-A218-4524-839E-CF36D5BF7A22}"
EndProject
Project("{8BC9CEB8-8B4A-11D0-8D11-00A0C91BC942}") = "Static_member_variable", "ConsoleApplication43\ConsoleApplication43.vcxproj", "{E1893074-BE34-46A3-B7F8-142A00CD459D}"
EndProject
Project("{8BC9CEB8-8B4A-11D0-8D11-00A0C91BC942}") = "Private_static_member_variables", "ConsoleApplication44\ConsoleApplication44.vcxproj", "{A7AC945E-22D0-44AE-92D4-25AA924B6473}"
EndProject
Project("{8BC9CEB8-8B4A-11D0-8D11-00A0C91BC942}") = "Static_member_function", "ConsoleApplication45\ConsoleApplication45.vcxproj", "{AE92E636-9B4B-4BD2-B5AA-14A651573EDC}"
EndProject
Project("{8BC9CEB8-8B4A-11D0-8D11-00A0C91BC942}") = "The_use_of_static_members", "ConsoleApplication46\ConsoleApplication46.vcxproj", "{E35BBC7F-9D2F-4B88-8706-E9C9FCCC834A}"
EndProject
Project("{8BC9CEB8-8B4A-11D0-8D11-00A0C91BC942}") = "Function_pointer", "ConsoleApplication47\ConsoleApplication47.vcxproj", "{54B328CB-00F2-4DEA-BE6D-0039D3C11F67}"
EndProject
Project("{8BC9CEB8-8B4A-11D0-8D11-00A0C91BC942}") = "fread", "ConsoleApplication48\ConsoleApplication48.vcxproj", "{BA92C04A-CE51-4F2A-8C0A-FE9077E6A892}"
EndProject
Project("{8BC9CEB8-8B4A-11D0-8D11-00A0C91BC942}") = "fwrite", "ConsoleApplication49\ConsoleApplication49.vcxproj", "{F66A4AA9-18CE-414D-9BB2-4DF7F0F7113A}"
EndProject
Project("{8BC9CEB8-8B4A-11D0-8D11-00A0C91BC942}") = "Array_of_function_pointers", "ConsoleApplication50\ConsoleApplication50.vcxproj", "{DF699717-7702-4A83-9688-BCE3D6A7F0DB}"
EndProject
Project("{8BC9CEB8-8B4A-11D0-8D11-00A0C91BC942}") = "The_function_pointer_can_also_be_used_as_the_parameters_of_the_function", "ConsoleApplication51\ConsoleApplication51.vcxproj", "{5A17DE10-947C-4DC3-8DBB-64AAA26DE53C}"
EndProject
Project("{8BC9CEB8-8B4A-11D0-8D11-00A0C91BC942}") = "Use_typedef_to_simplify_the_declaration_of_the_function_pointer", "ConsoleApplication52\ConsoleApplication52.vcxproj", "{E426A7AC-3E11-49AB-B4E2-0B43D53230A7}"
EndProject
Project("{8BC9CEB8-8B4A-11D0-8D11-00A0C91BC942}") = "Class_function_pointer_(1)", "ConsoleApplication53\ConsoleApplication53.vcxproj", "{F87E44AF-6BDE-4A2D-9910-A8E9C06D145F}"
EndProject
Project("{8BC9CEB8-8B4A-11D0-8D11-00A0C91BC942}") = "Class_function_pointer_(3)", "ConsoleApplication54\ConsoleApplication54.vcxproj", "{2AF012F1-1CD1-4B01-864A-B1759B6C1029}"
EndProject
Project("{8BC9CEB8-8B4A-11D0-8D11-00A0C91BC942}") = "Overloaded_operators", "ConsoleApplication55\ConsoleApplication55.vcxproj", "{4BFB05AE-DA78-4E06-8F1E-E0DD13FF4B7C}"
EndProject
Project("{8BC9CEB8-8B4A-11D0-8D11-00A0C91BC942}") = "Overloaded_operators_2", "ConsoleApplication56\ConsoleApplication56.vcxproj", "{21236C66-CD07-4499-80FA-7CF892B862C2}"
EndProject
Project("{8BC9CEB8-8B4A-11D0-8D11-00A0C91BC942}") = "The_IO_format_of_controller", "ConsoleApplication57\ConsoleApplication57.vcxproj", "{91BC360F-A201-47CE-A773-C73CA5008380}"
EndProject
Project("{2150E333-8FDC-42A3-9474-1A3956D46DE8}") = "IO", "IO", "{BC7DDAD8-6309-4054-AC50-3D17F59A4FD8}"
EndProject
Project("{2150E333-8FDC-42A3-9474-1A3956D46DE8}") = "Link", "Link", "{AA283707-FE82-44E1-947B-A02E7E1E4F21}"
EndProject
Project("{2150E333-8FDC-42A3-9474-1A3956D46DE8}") = "Polymorphism", "Polymorphism", "{70BA3AFE-E992-43C9-A6BF-43735AC6FB82}"
EndProject
Project("{2150E333-8FDC-42A3-9474-1A3956D46DE8}") = "An_array_of_arrays", "An_array_of_arrays", "{BAD3DDED-E9CE-4F46-B797-87422CD84E1E}"
EndProject
Project("{2150E333-8FDC-42A3-9474-1A3956D46DE8}") = "Inherit", "Inherit", "{9394A397-A01B-4469-A743-198ECEF33ED1}"
EndProject
Project("{2150E333-8FDC-42A3-9474-1A3956D46DE8}") = "Virtual_function", "Virtual_function", "{454BF707-694B-487B-AE56-4A1ABA878400}"
EndProject
Project("{2150E333-8FDC-42A3-9474-1A3956D46DE8}") = "A_member_of_the_special_class", "A_member_of_the_special_class", "{2623C0E6-C03A-4E2A-BA30-2070DF97C5A6}"
EndProject
Project("{2150E333-8FDC-42A3-9474-1A3956D46DE8}") = "Depth_function", "Depth_function", "{8117A670-F29A-4B0A-BBB9-3E177D10BD37}"
EndProject
Project("{8BC9CEB8-8B4A-11D0-8D11-00A0C91BC942}") = "boolalpha_controller", "ConsoleApplication58\ConsoleApplication58.vcxproj", "{05995ABF-E0F5-4C8C-A230-09A10968BEDA}"
EndProject
Project("{8BC9CEB8-8B4A-11D0-8D11-00A0C91BC942}") = "Formatting_flags", "ConsoleApplication59\ConsoleApplication59.vcxproj", "{69E10E9E-A191-4D06-9286-0A30B7B682F6}"
EndProject
Project("{8BC9CEB8-8B4A-11D0-8D11-00A0C91BC942}") = "The_test_streaming_format_set", "ConsoleApplication60\ConsoleApplication60.vcxproj", "{73189926-F375-49E5-BB76-40910DF2F460}"
EndProject
Project("{8BC9CEB8-8B4A-11D0-8D11-00A0C91BC942}") = "Read_the_file_file", "ConsoleApplication61\ConsoleApplication61.vcxproj", "{7121365F-F5E1-4F9E-ABB6-F9A7620AAC2C}"
EndProject
Project("{8BC9CEB8-8B4A-11D0-8D11-00A0C91BC942}") = "Written_to_the_file_file", "ConsoleApplication62\ConsoleApplication62.vcxproj", "{B5A39E4D-AE97-461D-B90A-8CE951303A63}"
EndProject
Project("{2150E333-8FDC-42A3-9474-1A3956D46DE8}") = "Unformatted_file_IO", "Unformatted_file_IO", "{66469008-53B4-495C-B411-9D0E424BD206}"
EndProject
Project("{2150E333-8FDC-42A3-9474-1A3956D46DE8}") = "Formatted_file_IO", "Formatted_file_IO", "{517E9EFD-71FE-4FCF-9F8D-64032291FC57}"
EndProject
Project("{8BC9CEB8-8B4A-11D0-8D11-00A0C91BC942}") = "Written_to_the_file_file_and_read_out", "ConsoleApplication63\ConsoleApplication63.vcxproj", "{51506DB6-E35E-41A0-9B40-A13C138B5853}"
EndProject
Project("{8BC9CEB8-8B4A-11D0-8D11-00A0C91BC942}") = "The_streaming_read_into_the_user's_input_and_output_file_file", "ConsoleApplication64\ConsoleApplication64.vcxproj", "{77CA21CD-29F1-4013-8FF4-DAD10F47D8FE}"
EndProject
Project("{8BC9CEB8-8B4A-11D0-8D11-00A0C91BC942}") = "copy_files_and_turn_uppercase", "ConsoleApplication65\ConsoleApplication65.vcxproj", "{54F7C48C-B2D4-4540-86E3-2BAA033C2AC0}"
EndProject
Project("{2150E333-8FDC-42A3-9474-1A3956D46DE8}") = "Binary_file_IO", "Binary_file_IO", "{2C432D24-6E89-4D5E-B2B4-FC6681798FBB}"
EndProject
Project("{8BC9CEB8-8B4A-11D0-8D11-00A0C91BC942}") = "Read_from_a_binary_file.", "ConsoleApplication66\ConsoleApplication66.vcxproj", "{4B27C6AB-AD43-42E8-B02F-22C951A2188F}"
EndProject
Project("{8BC9CEB8-8B4A-11D0-8D11-00A0C91BC942}") = "File_copy", "ConsoleApplication67\ConsoleApplication67.vcxproj", "{561E1556-7BD3-4834-80FC-59C91E9F1D1E}"
EndProject
Project("{8BC9CEB8-8B4A-11D0-8D11-00A0C91BC942}") = "Array_data_is_written_to_the_file_and_read_out", "ConsoleApplication68\ConsoleApplication68.vcxproj", "{5991DF5C-94E4-4863-B258-79F87787FD00}"
EndProject
Project("{2150E333-8FDC-42A3-9474-1A3956D46DE8}") = "test", "test", "{25C4F0AB-3544-4749-B22B-5D16CCDBECD6}"
EndProject
Project("{2150E333-8FDC-42A3-9474-1A3956D46DE8}") = "Format_control_operator_overloading", "Format_control_operator_overloading", "{09BA6ABD-9A15-4AA2-9DF6-28CA818FE2B7}"
EndProject
Project("{2150E333-8FDC-42A3-9474-1A3956D46DE8}") = "fstream", "fstream", "{A751463B-F67F-4C4E-A577-350187E6FC11}"
EndProject
Project("{8BC9CEB8-8B4A-11D0-8D11-00A0C91BC942}") = "seekg", "ConsoleApplication69\ConsoleApplication69.vcxproj", "{C1B5F6CF-1550-4672-ADEC-15E11B218D82}"
EndProject
Project("{8BC9CEB8-8B4A-11D0-8D11-00A0C91BC942}") = "create_empty_data_files", "ConsoleApplication70\ConsoleApplication70.vcxproj", "{B383DA0E-7CA0-45B1-84A1-C6BA1F578D89}"
EndProject
Project("{8BC9CEB8-8B4A-11D0-8D11-00A0C91BC942}") = "Random_access_files", "ConsoleApplication71\ConsoleApplication71.vcxproj", "{C425A1C7-FD21-4D5C-A48E-8D07B3DBA744}"
EndProject
Project("{8BC9CEB8-8B4A-11D0-8D11-00A0C91BC942}") = "Read_a_random_access_file", "ConsoleApplication72\ConsoleApplication72.vcxproj", "{3CB49A05-2E57-498A-A5D2-375A6D6DFF28}"
EndProject
Project("{8BC9CEB8-8B4A-11D0-8D11-00A0C91BC942}") = "Pointer_structure_and_confirm_figures", "ConsoleApplication73\ConsoleApplication73.vcxproj", "{8084CE4E-D872-49F7-841E-B09E2756D06F}"
EndProject
Project("{8BC9CEB8-8B4A-11D0-8D11-00A0C91BC942}") = "Multithreaded_encryption_and_decryption", "ConsoleApplication74\ConsoleApplication74.vcxproj", "{559F7F6C-788C-4F57-B8D9-3BEF71ABBD22}"
EndProject
Project("{8BC9CEB8-8B4A-11D0-8D11-00A0C91BC942}") = "avi_kept_out_of_the_picture", "ConsoleApplication75\ConsoleApplication75.vcxproj", "{E449BE7D-823F-4076-8D45-58EF58EA92D9}"
EndProject
Project("{8BC9CEB8-8B4A-11D0-8D11-00A0C91BC942}") = "Acquired_EXE_where_the_path", "ConsoleApplication76\ConsoleApplication76.vcxproj", "{EE3D95D7-E728-43D5-A5CA-FC20204F6D12}"
EndProject
Project("{2150E333-8FDC-42A3-9474-1A3956D46DE8}") = "String", "String", "{B533E142-C6D3-4D85-94A7-696CEE983ABA}"
EndProject
Project("{8BC9CEB8-8B4A-11D0-8D11-00A0C91BC942}") = "char_string", "ConsoleApplication77\ConsoleApplication77.vcxproj", "{C2DBB971-28A5-40D9-9E8A-DAEBDD03D5E7}"
EndProject
Project("{8BC9CEB8-8B4A-11D0-8D11-00A0C91BC942}") = "string_type_string", "ConsoleApplication78\ConsoleApplication78.vcxproj", "{07941A5D-6588-4F2D-BDEA-99B647CCD718}"
EndProject
Project("{8BC9CEB8-8B4A-11D0-8D11-00A0C91BC942}") = "string_type_string_strcmp", "ConsoleApplication79\ConsoleApplication79.vcxproj", "{B5D0E8E4-49DE-4A48-918C-5451109CA074}"
EndProject
Project("{8BC9CEB8-8B4A-11D0-8D11-00A0C91BC942}") = "char_string_assignment", "ConsoleApplication80\ConsoleApplication80.vcxproj", "{E0FA97CC-77C2-4F98-80F8-5758B30437C0}"
EndProject
Project("{8BC9CEB8-8B4A-11D0-8D11-00A0C91BC942}") = "string_string_assignment", "ConsoleApplication81\ConsoleApplication81.vcxproj", "{04D517CB-D343-45A8-A015-EBD5A9ABEFA1}"
EndProject
Project("{8BC9CEB8-8B4A-11D0-8D11-00A0C91BC942}") = "char_string_of_merger", "ConsoleApplication82\ConsoleApplication82.vcxproj", "{172D60DA-6189-4E5B-B8BF-749DE6229ECC}"
EndProject
Project("{8BC9CEB8-8B4A-11D0-8D11-00A0C91BC942}") = "string_string_of_merger", "ConsoleApplication83\ConsoleApplication83.vcxproj", "{A6BDBC05-03F4-4288-B7B5-C23D8520F7A1}"
EndProject
Project("{8BC9CEB8-8B4A-11D0-8D11-00A0C91BC942}") = "part_of_the_merger_of_char_string", "ConsoleApplication84\ConsoleApplication84.vcxproj", "{D72FB6AD-FA0D-41BB-AEEF-0238980564BF}"
EndProject
Project("{8BC9CEB8-8B4A-11D0-8D11-00A0C91BC942}") = "part_of_the_merger_of_string_string", "ConsoleApplication85\ConsoleApplication85.vcxproj", "{603876C1-D8BE-4285-BA8B-5A2EAFB3A6E5}"
EndProject
Project("{8BC9CEB8-8B4A-11D0-8D11-00A0C91BC942}") = "string_string_replacement", "ConsoleApplication86\ConsoleApplication86.vcxproj", "{A0231457-952A-4649-85C1-E1FA11EE9F03}"
EndProject
Project("{8BC9CEB8-8B4A-11D0-8D11-00A0C91BC942}") = "C_to_copy_the_files", "ConsoleApplication87\ConsoleApplication87.vcxproj", "{140447E6-6942-422D-9B61-D73B3957DD88}"
EndProject
Project("{8BC9CEB8-8B4A-11D0-8D11-00A0C91BC942}") = "ConsoleApplication88", "ConsoleApplication88\ConsoleApplication88.vcxproj", "{5D2EA920-F584-4E2B-8283-F74590091BD5}"
EndProject
Project("{8BC9CEB8-8B4A-11D0-8D11-00A0C91BC942}") = "char_string_replacement", "ConsoleApplication89\ConsoleApplication89.vcxproj", "{B5DB90EE-DD07-42EF-9468-4FE748E27DCD}"
EndProject
Project("{8BC9CEB8-8B4A-11D0-8D11-00A0C91BC942}") = "char_string_string_replacement", "ConsoleApplication90\ConsoleApplication90.vcxproj", "{610BC4B9-C01A-4919-8317-C953EF2717DF}"
EndProject
Project("{8BC9CEB8-8B4A-11D0-8D11-00A0C91BC942}") = "char_string_copy", "ConsoleApplication91\ConsoleApplication91.vcxproj", "{B80453BD-7E03-46E5-B8A3-CF7C9C9F27A9}"
EndProject
Project("{8BC9CEB8-8B4A-11D0-8D11-00A0C91BC942}") = "a_copy_of_the_string_type_string", "ConsoleApplication92\ConsoleApplication92.vcxproj", "{CCEBB98C-EDE1-4DB7-A607-6313974A5873}"
EndProject
Project("{8BC9CEB8-8B4A-11D0-8D11-00A0C91BC942}") = "string_string_insertion", "ConsoleApplication93\ConsoleApplication93.vcxproj", "{0BDA8F20-7A07-4529-822D-6D34691EF473}"
EndProject
Project("{8BC9CEB8-8B4A-11D0-8D11-00A0C91BC942}") = "string_string_delete", "ConsoleApplication94\ConsoleApplication94.vcxproj", "{FEB8EA5E-E07D-46DF-B426-F0A70C6D9634}"
EndProject
Project("{8BC9CEB8-8B4A-11D0-8D11-00A0C91BC942}") = "char_type_string_lookup", "ConsoleApplication95\ConsoleApplication95.vcxproj", "{904E83CC-BDBB-4A2F-BAF6-D3075EB825D3}"
EndProject
Project("{8BC9CEB8-8B4A-11D0-8D11-00A0C91BC942}") = "string_type_string_lookup", "ConsoleApplication96\ConsoleApplication96.vcxproj", "{ED8C6270-D911-45BE-AF46-0A9382725AEC}"
EndProject
Project("{8BC9CEB8-8B4A-11D0-8D11-00A0C91BC942}") = "string_string_comparison", "ConsoleApplication97\ConsoleApplication97.vcxproj", "{85E188FF-0091-4D73-BD08-D86B5F9E4399}"
EndProject
Project("{8BC9CEB8-8B4A-11D0-8D11-00A0C91BC942}") = "Determine_whether_the_string_string_is_empty", "ConsoleApplication98\ConsoleApplication98.vcxproj", "{80E62942-D702-43E3-A833-28D52F683C23}"
EndProject
Project("{8BC9CEB8-8B4A-11D0-8D11-00A0C91BC942}") = "char_swap_()_to_exchange_the_contents_of_two_strings", "ConsoleApplication99\ConsoleApplication99.vcxproj", "{B13F6440-C945-49A0-9BF7-B5A797B91FFE}"
EndProject
Project("{8BC9CEB8-8B4A-11D0-8D11-00A0C91BC942}") = "string_swap_()_to_exchange_the_contents_of_two_strings", "ConsoleApplication100\ConsoleApplication100.vcxproj", "{AD6B2160-2709-474B-978E-7762E857D0F6}"
EndProject
Project("{8BC9CEB8-8B4A-11D0-8D11-00A0C91BC942}") = "String_string_to_char_string", "ConsoleApplication101\ConsoleApplication101.vcxproj", "{A78FB62A-429B-4A11-A39B-8F1A3F8BD1B9}"
EndProject
Project("{8BC9CEB8-8B4A-11D0-8D11-00A0C91BC942}") = "Pointer_Char_string_function", "ConsoleApplication102\ConsoleApplication102.vcxproj", "{ED509008-7F1D-4ECE-A71F-9440CFE1E960}"
EndProject
Project("{8BC9CEB8-8B4A-11D0-8D11-00A0C91BC942}") = "Array_of_Char_type_string_and_function", "ConsoleApplication103\ConsoleApplication103.vcxproj", "{7D575394-9155-45CE-B24D-965E8C6920DD}"
EndProject
Project("{8BC9CEB8-8B4A-11D0-8D11-00A0C91BC942}") = "Char_string_array_pointer_with_function", "ConsoleApplication104\ConsoleApplication104.vcxproj", "{11408DC0-1BBB-4DEA-A745-F71E790FEE08}"
EndProject
Project("{8BC9CEB8-8B4A-11D0-8D11-00A0C91BC942}") = "How_the_function_returns_the_string", "ConsoleApplication105\ConsoleApplication105.vcxproj", "{0789BBFF-E66B-407D-9FD3-021BF821C244}"
EndProject
Project("{8BC9CEB8-8B4A-11D0-8D11-00A0C91BC942}") = "Structure_with_distinction", "ConsoleApplication106\ConsoleApplication106.vcxproj", "{6E58DAC4-1BC5-4AB0-84E7-B8D4F84F3AF8}"
EndProject
Project("{8BC9CEB8-8B4A-11D0-8D11-00A0C91BC942}") = "Structure_constructor", "ConsoleApplication107\ConsoleApplication107.vcxproj", "{B9DE8069-6850-46F5-AE11-E400F33DEF80}"
EndProject
Project("{8BC9CEB8-8B4A-11D0-8D11-00A0C91BC942}") = "The_assignment_of_the_structure", "ConsoleApplication108\ConsoleApplication108.vcxproj", "{FAFCA8FA-157D-430D-B59C-899A2BF01A8A}"
EndProject
Project("{8BC9CEB8-8B4A-11D0-8D11-00A0C91BC942}") = "Structure_and_function", "ConsoleApplication109\ConsoleApplication109.vcxproj", "{7BB5208D-0CC9-436A-BF4B-E59E22A9374F}"
EndProject
Project("{8BC9CEB8-8B4A-11D0-8D11-00A0C91BC942}") = "Structure_and_function_2", "ConsoleApplication110\ConsoleApplication110.vcxproj", "{80FCE4CA-D5ED-4D13-9FE8-BB87F501C246}"
EndProject
Project("{8BC9CEB8-8B4A-11D0-8D11-00A0C91BC942}") = "ConsoleApplication111", "ConsoleApplication111\ConsoleApplication111.vcxproj", "{C12EC094-C904-4081-9815-C67D6C625F52}"
EndProject
Global
	GlobalSection(SolutionConfigurationPlatforms) = preSolution
		Debug|Win32 = Debug|Win32
		Release|Win32 = Release|Win32
	EndGlobalSection
	GlobalSection(ProjectConfigurationPlatforms) = postSolution
		{509F42BF-93B5-477B-852F-65215E8630B9}.Debug|Win32.ActiveCfg = Debug|Win32
		{509F42BF-93B5-477B-852F-65215E8630B9}.Debug|Win32.Build.0 = Debug|Win32
		{509F42BF-93B5-477B-852F-65215E8630B9}.Debug|Win32.Deploy.0 = Debug|Win32
		{509F42BF-93B5-477B-852F-65215E8630B9}.Release|Win32.ActiveCfg = Release|Win32
		{509F42BF-93B5-477B-852F-65215E8630B9}.Release|Win32.Build.0 = Release|Win32
		{509F42BF-93B5-477B-852F-65215E8630B9}.Release|Win32.Deploy.0 = Release|Win32
		{44705D31-A76C-4D89-B249-FF81AB1B2593}.Debug|Win32.ActiveCfg = Debug|Win32
		{44705D31-A76C-4D89-B249-FF81AB1B2593}.Debug|Win32.Build.0 = Debug|Win32
		{44705D31-A76C-4D89-B249-FF81AB1B2593}.Debug|Win32.Deploy.0 = Debug|Win32
		{44705D31-A76C-4D89-B249-FF81AB1B2593}.Release|Win32.ActiveCfg = Release|Win32
		{44705D31-A76C-4D89-B249-FF81AB1B2593}.Release|Win32.Build.0 = Release|Win32
		{44705D31-A76C-4D89-B249-FF81AB1B2593}.Release|Win32.Deploy.0 = Release|Win32
		{22F1C014-E825-4142-AEFE-87A667EE9B17}.Debug|Win32.ActiveCfg = Debug|Win32
		{22F1C014-E825-4142-AEFE-87A667EE9B17}.Debug|Win32.Build.0 = Debug|Win32
		{22F1C014-E825-4142-AEFE-87A667EE9B17}.Debug|Win32.Deploy.0 = Debug|Win32
		{22F1C014-E825-4142-AEFE-87A667EE9B17}.Release|Win32.ActiveCfg = Release|Win32
		{22F1C014-E825-4142-AEFE-87A667EE9B17}.Release|Win32.Build.0 = Release|Win32
		{22F1C014-E825-4142-AEFE-87A667EE9B17}.Release|Win32.Deploy.0 = Release|Win32
		{B54DA35F-311E-41C7-A81B-A7EF73E1B9A3}.Debug|Win32.ActiveCfg = Debug|Win32
		{B54DA35F-311E-41C7-A81B-A7EF73E1B9A3}.Debug|Win32.Build.0 = Debug|Win32
		{B54DA35F-311E-41C7-A81B-A7EF73E1B9A3}.Debug|Win32.Deploy.0 = Debug|Win32
		{B54DA35F-311E-41C7-A81B-A7EF73E1B9A3}.Release|Win32.ActiveCfg = Release|Win32
		{B54DA35F-311E-41C7-A81B-A7EF73E1B9A3}.Release|Win32.Build.0 = Release|Win32
		{B54DA35F-311E-41C7-A81B-A7EF73E1B9A3}.Release|Win32.Deploy.0 = Release|Win32
		{F838CC42-FF1A-44C2-A648-1B4B9115BA47}.Debug|Win32.ActiveCfg = Debug|Win32
		{F838CC42-FF1A-44C2-A648-1B4B9115BA47}.Debug|Win32.Build.0 = Debug|Win32
		{F838CC42-FF1A-44C2-A648-1B4B9115BA47}.Debug|Win32.Deploy.0 = Debug|Win32
		{F838CC42-FF1A-44C2-A648-1B4B9115BA47}.Release|Win32.ActiveCfg = Release|Win32
		{F838CC42-FF1A-44C2-A648-1B4B9115BA47}.Release|Win32.Build.0 = Release|Win32
		{F838CC42-FF1A-44C2-A648-1B4B9115BA47}.Release|Win32.Deploy.0 = Release|Win32
		{8E4AD380-8DCA-448D-B00C-334CE5E92794}.Debug|Win32.ActiveCfg = Debug|Win32
		{8E4AD380-8DCA-448D-B00C-334CE5E92794}.Debug|Win32.Build.0 = Debug|Win32
		{8E4AD380-8DCA-448D-B00C-334CE5E92794}.Debug|Win32.Deploy.0 = Debug|Win32
		{8E4AD380-8DCA-448D-B00C-334CE5E92794}.Release|Win32.ActiveCfg = Release|Win32
		{8E4AD380-8DCA-448D-B00C-334CE5E92794}.Release|Win32.Build.0 = Release|Win32
		{8E4AD380-8DCA-448D-B00C-334CE5E92794}.Release|Win32.Deploy.0 = Release|Win32
		{AA664DEF-74C9-4B30-9753-0D3E162D0B69}.Debug|Win32.ActiveCfg = Debug|Win32
		{AA664DEF-74C9-4B30-9753-0D3E162D0B69}.Debug|Win32.Build.0 = Debug|Win32
		{AA664DEF-74C9-4B30-9753-0D3E162D0B69}.Debug|Win32.Deploy.0 = Debug|Win32
		{AA664DEF-74C9-4B30-9753-0D3E162D0B69}.Release|Win32.ActiveCfg = Release|Win32
		{AA664DEF-74C9-4B30-9753-0D3E162D0B69}.Release|Win32.Build.0 = Release|Win32
		{AA664DEF-74C9-4B30-9753-0D3E162D0B69}.Release|Win32.Deploy.0 = Release|Win32
		{5E027342-8348-4937-A0DE-C237F1283D10}.Debug|Win32.ActiveCfg = Debug|Win32
		{5E027342-8348-4937-A0DE-C237F1283D10}.Debug|Win32.Build.0 = Debug|Win32
		{5E027342-8348-4937-A0DE-C237F1283D10}.Debug|Win32.Deploy.0 = Debug|Win32
		{5E027342-8348-4937-A0DE-C237F1283D10}.Release|Win32.ActiveCfg = Release|Win32
		{5E027342-8348-4937-A0DE-C237F1283D10}.Release|Win32.Build.0 = Release|Win32
		{5E027342-8348-4937-A0DE-C237F1283D10}.Release|Win32.Deploy.0 = Release|Win32
		{2CEB2CE3-19D3-4D68-9BD6-EBCBC9ADDEF5}.Debug|Win32.ActiveCfg = Debug|Win32
		{2CEB2CE3-19D3-4D68-9BD6-EBCBC9ADDEF5}.Debug|Win32.Build.0 = Debug|Win32
		{2CEB2CE3-19D3-4D68-9BD6-EBCBC9ADDEF5}.Debug|Win32.Deploy.0 = Debug|Win32
		{2CEB2CE3-19D3-4D68-9BD6-EBCBC9ADDEF5}.Release|Win32.ActiveCfg = Release|Win32
		{2CEB2CE3-19D3-4D68-9BD6-EBCBC9ADDEF5}.Release|Win32.Build.0 = Release|Win32
		{2CEB2CE3-19D3-4D68-9BD6-EBCBC9ADDEF5}.Release|Win32.Deploy.0 = Release|Win32
		{8EFF20B0-F2A9-4640-BABD-D528CBD22395}.Debug|Win32.ActiveCfg = Debug|Win32
		{8EFF20B0-F2A9-4640-BABD-D528CBD22395}.Debug|Win32.Build.0 = Debug|Win32
		{8EFF20B0-F2A9-4640-BABD-D528CBD22395}.Debug|Win32.Deploy.0 = Debug|Win32
		{8EFF20B0-F2A9-4640-BABD-D528CBD22395}.Release|Win32.ActiveCfg = Release|Win32
		{8EFF20B0-F2A9-4640-BABD-D528CBD22395}.Release|Win32.Build.0 = Release|Win32
		{8EFF20B0-F2A9-4640-BABD-D528CBD22395}.Release|Win32.Deploy.0 = Release|Win32
		{9CB9867F-9F21-4B11-A858-EC21C522A9D0}.Debug|Win32.ActiveCfg = Debug|Win32
		{9CB9867F-9F21-4B11-A858-EC21C522A9D0}.Debug|Win32.Build.0 = Debug|Win32
		{9CB9867F-9F21-4B11-A858-EC21C522A9D0}.Debug|Win32.Deploy.0 = Debug|Win32
		{9CB9867F-9F21-4B11-A858-EC21C522A9D0}.Release|Win32.ActiveCfg = Release|Win32
		{9CB9867F-9F21-4B11-A858-EC21C522A9D0}.Release|Win32.Build.0 = Release|Win32
		{9CB9867F-9F21-4B11-A858-EC21C522A9D0}.Release|Win32.Deploy.0 = Release|Win32
		{C26163F8-1430-48ED-8000-18E839F251D2}.Debug|Win32.ActiveCfg = Debug|Win32
		{C26163F8-1430-48ED-8000-18E839F251D2}.Debug|Win32.Build.0 = Debug|Win32
		{C26163F8-1430-48ED-8000-18E839F251D2}.Debug|Win32.Deploy.0 = Debug|Win32
		{C26163F8-1430-48ED-8000-18E839F251D2}.Release|Win32.ActiveCfg = Release|Win32
		{C26163F8-1430-48ED-8000-18E839F251D2}.Release|Win32.Build.0 = Release|Win32
		{C26163F8-1430-48ED-8000-18E839F251D2}.Release|Win32.Deploy.0 = Release|Win32
		{787E9619-C362-4598-A8D0-63F99EA807E5}.Debug|Win32.ActiveCfg = Debug|Win32
		{787E9619-C362-4598-A8D0-63F99EA807E5}.Debug|Win32.Build.0 = Debug|Win32
		{787E9619-C362-4598-A8D0-63F99EA807E5}.Debug|Win32.Deploy.0 = Debug|Win32
		{787E9619-C362-4598-A8D0-63F99EA807E5}.Release|Win32.ActiveCfg = Release|Win32
		{787E9619-C362-4598-A8D0-63F99EA807E5}.Release|Win32.Build.0 = Release|Win32
		{787E9619-C362-4598-A8D0-63F99EA807E5}.Release|Win32.Deploy.0 = Release|Win32
		{952A7B29-7ED4-4767-B01A-CF6561AF8F33}.Debug|Win32.ActiveCfg = Debug|Win32
		{952A7B29-7ED4-4767-B01A-CF6561AF8F33}.Debug|Win32.Build.0 = Debug|Win32
		{952A7B29-7ED4-4767-B01A-CF6561AF8F33}.Debug|Win32.Deploy.0 = Debug|Win32
		{952A7B29-7ED4-4767-B01A-CF6561AF8F33}.Release|Win32.ActiveCfg = Release|Win32
		{952A7B29-7ED4-4767-B01A-CF6561AF8F33}.Release|Win32.Build.0 = Release|Win32
		{952A7B29-7ED4-4767-B01A-CF6561AF8F33}.Release|Win32.Deploy.0 = Release|Win32
		{93CAB97A-1146-43ED-ABE3-90AD2202BF2B}.Debug|Win32.ActiveCfg = Debug|Win32
		{93CAB97A-1146-43ED-ABE3-90AD2202BF2B}.Debug|Win32.Build.0 = Debug|Win32
		{93CAB97A-1146-43ED-ABE3-90AD2202BF2B}.Debug|Win32.Deploy.0 = Debug|Win32
		{93CAB97A-1146-43ED-ABE3-90AD2202BF2B}.Release|Win32.ActiveCfg = Release|Win32
		{93CAB97A-1146-43ED-ABE3-90AD2202BF2B}.Release|Win32.Build.0 = Release|Win32
		{93CAB97A-1146-43ED-ABE3-90AD2202BF2B}.Release|Win32.Deploy.0 = Release|Win32
		{91BDF45E-DFA9-43EF-B68E-5C0BB6AF1206}.Debug|Win32.ActiveCfg = Debug|Win32
		{91BDF45E-DFA9-43EF-B68E-5C0BB6AF1206}.Debug|Win32.Build.0 = Debug|Win32
		{91BDF45E-DFA9-43EF-B68E-5C0BB6AF1206}.Debug|Win32.Deploy.0 = Debug|Win32
		{91BDF45E-DFA9-43EF-B68E-5C0BB6AF1206}.Release|Win32.ActiveCfg = Release|Win32
		{91BDF45E-DFA9-43EF-B68E-5C0BB6AF1206}.Release|Win32.Build.0 = Release|Win32
		{91BDF45E-DFA9-43EF-B68E-5C0BB6AF1206}.Release|Win32.Deploy.0 = Release|Win32
		{0D85764D-295E-4661-B1B0-4ACE28B0C3C9}.Debug|Win32.ActiveCfg = Debug|Win32
		{0D85764D-295E-4661-B1B0-4ACE28B0C3C9}.Debug|Win32.Build.0 = Debug|Win32
		{0D85764D-295E-4661-B1B0-4ACE28B0C3C9}.Debug|Win32.Deploy.0 = Debug|Win32
		{0D85764D-295E-4661-B1B0-4ACE28B0C3C9}.Release|Win32.ActiveCfg = Release|Win32
		{0D85764D-295E-4661-B1B0-4ACE28B0C3C9}.Release|Win32.Build.0 = Release|Win32
		{0D85764D-295E-4661-B1B0-4ACE28B0C3C9}.Release|Win32.Deploy.0 = Release|Win32
		{BA3BE05F-CEDB-4479-8169-8EA3FE0C9416}.Debug|Win32.ActiveCfg = Debug|Win32
		{BA3BE05F-CEDB-4479-8169-8EA3FE0C9416}.Debug|Win32.Build.0 = Debug|Win32
		{BA3BE05F-CEDB-4479-8169-8EA3FE0C9416}.Debug|Win32.Deploy.0 = Debug|Win32
		{BA3BE05F-CEDB-4479-8169-8EA3FE0C9416}.Release|Win32.ActiveCfg = Release|Win32
		{BA3BE05F-CEDB-4479-8169-8EA3FE0C9416}.Release|Win32.Build.0 = Release|Win32
		{BA3BE05F-CEDB-4479-8169-8EA3FE0C9416}.Release|Win32.Deploy.0 = Release|Win32
		{C65887FD-4D7A-49D5-9632-F0B358FC6D23}.Debug|Win32.ActiveCfg = Debug|Win32
		{C65887FD-4D7A-49D5-9632-F0B358FC6D23}.Debug|Win32.Build.0 = Debug|Win32
		{C65887FD-4D7A-49D5-9632-F0B358FC6D23}.Debug|Win32.Deploy.0 = Debug|Win32
		{C65887FD-4D7A-49D5-9632-F0B358FC6D23}.Release|Win32.ActiveCfg = Release|Win32
		{C65887FD-4D7A-49D5-9632-F0B358FC6D23}.Release|Win32.Build.0 = Release|Win32
		{C65887FD-4D7A-49D5-9632-F0B358FC6D23}.Release|Win32.Deploy.0 = Release|Win32
		{CC00CD8A-E187-4958-B0F0-01B83B4C12A9}.Debug|Win32.ActiveCfg = Debug|Win32
		{CC00CD8A-E187-4958-B0F0-01B83B4C12A9}.Debug|Win32.Build.0 = Debug|Win32
		{CC00CD8A-E187-4958-B0F0-01B83B4C12A9}.Debug|Win32.Deploy.0 = Debug|Win32
		{CC00CD8A-E187-4958-B0F0-01B83B4C12A9}.Release|Win32.ActiveCfg = Release|Win32
		{CC00CD8A-E187-4958-B0F0-01B83B4C12A9}.Release|Win32.Build.0 = Release|Win32
		{CC00CD8A-E187-4958-B0F0-01B83B4C12A9}.Release|Win32.Deploy.0 = Release|Win32
		{E81CD5CA-92AF-456D-8A86-F47FE3BEF8F5}.Debug|Win32.ActiveCfg = Debug|Win32
		{E81CD5CA-92AF-456D-8A86-F47FE3BEF8F5}.Debug|Win32.Build.0 = Debug|Win32
		{E81CD5CA-92AF-456D-8A86-F47FE3BEF8F5}.Debug|Win32.Deploy.0 = Debug|Win32
		{E81CD5CA-92AF-456D-8A86-F47FE3BEF8F5}.Release|Win32.ActiveCfg = Release|Win32
		{E81CD5CA-92AF-456D-8A86-F47FE3BEF8F5}.Release|Win32.Build.0 = Release|Win32
		{E81CD5CA-92AF-456D-8A86-F47FE3BEF8F5}.Release|Win32.Deploy.0 = Release|Win32
		{F70C0298-C38C-4CFA-8BF9-BD6E181FE66E}.Debug|Win32.ActiveCfg = Debug|Win32
		{F70C0298-C38C-4CFA-8BF9-BD6E181FE66E}.Debug|Win32.Build.0 = Debug|Win32
		{F70C0298-C38C-4CFA-8BF9-BD6E181FE66E}.Debug|Win32.Deploy.0 = Debug|Win32
		{F70C0298-C38C-4CFA-8BF9-BD6E181FE66E}.Release|Win32.ActiveCfg = Release|Win32
		{F70C0298-C38C-4CFA-8BF9-BD6E181FE66E}.Release|Win32.Build.0 = Release|Win32
		{F70C0298-C38C-4CFA-8BF9-BD6E181FE66E}.Release|Win32.Deploy.0 = Release|Win32
		{40DB6D08-6C0D-48DE-9519-9D681DC41F4D}.Debug|Win32.ActiveCfg = Debug|Win32
		{40DB6D08-6C0D-48DE-9519-9D681DC41F4D}.Debug|Win32.Build.0 = Debug|Win32
		{40DB6D08-6C0D-48DE-9519-9D681DC41F4D}.Debug|Win32.Deploy.0 = Debug|Win32
		{40DB6D08-6C0D-48DE-9519-9D681DC41F4D}.Release|Win32.ActiveCfg = Release|Win32
		{40DB6D08-6C0D-48DE-9519-9D681DC41F4D}.Release|Win32.Build.0 = Release|Win32
		{40DB6D08-6C0D-48DE-9519-9D681DC41F4D}.Release|Win32.Deploy.0 = Release|Win32
		{BAEB4390-5046-4FF3-8747-B7F9ACC7A917}.Debug|Win32.ActiveCfg = Debug|Win32
		{BAEB4390-5046-4FF3-8747-B7F9ACC7A917}.Debug|Win32.Build.0 = Debug|Win32
		{BAEB4390-5046-4FF3-8747-B7F9ACC7A917}.Debug|Win32.Deploy.0 = Debug|Win32
		{BAEB4390-5046-4FF3-8747-B7F9ACC7A917}.Release|Win32.ActiveCfg = Release|Win32
		{BAEB4390-5046-4FF3-8747-B7F9ACC7A917}.Release|Win32.Build.0 = Release|Win32
		{BAEB4390-5046-4FF3-8747-B7F9ACC7A917}.Release|Win32.Deploy.0 = Release|Win32
		{71869D70-87A4-44A0-8B58-7A852AB5396B}.Debug|Win32.ActiveCfg = Debug|Win32
		{71869D70-87A4-44A0-8B58-7A852AB5396B}.Debug|Win32.Build.0 = Debug|Win32
		{71869D70-87A4-44A0-8B58-7A852AB5396B}.Debug|Win32.Deploy.0 = Debug|Win32
		{71869D70-87A4-44A0-8B58-7A852AB5396B}.Release|Win32.ActiveCfg = Release|Win32
		{71869D70-87A4-44A0-8B58-7A852AB5396B}.Release|Win32.Build.0 = Release|Win32
		{71869D70-87A4-44A0-8B58-7A852AB5396B}.Release|Win32.Deploy.0 = Release|Win32
		{AB21F5E1-5B0D-47E0-962E-2B5913F89C0E}.Debug|Win32.ActiveCfg = Debug|Win32
		{AB21F5E1-5B0D-47E0-962E-2B5913F89C0E}.Debug|Win32.Build.0 = Debug|Win32
		{AB21F5E1-5B0D-47E0-962E-2B5913F89C0E}.Debug|Win32.Deploy.0 = Debug|Win32
		{AB21F5E1-5B0D-47E0-962E-2B5913F89C0E}.Release|Win32.ActiveCfg = Release|Win32
		{AB21F5E1-5B0D-47E0-962E-2B5913F89C0E}.Release|Win32.Build.0 = Release|Win32
		{AB21F5E1-5B0D-47E0-962E-2B5913F89C0E}.Release|Win32.Deploy.0 = Release|Win32
		{31FF3CF0-E219-45E1-A070-44B8D7D2F746}.Debug|Win32.ActiveCfg = Debug|Win32
		{31FF3CF0-E219-45E1-A070-44B8D7D2F746}.Debug|Win32.Build.0 = Debug|Win32
		{31FF3CF0-E219-45E1-A070-44B8D7D2F746}.Debug|Win32.Deploy.0 = Debug|Win32
		{31FF3CF0-E219-45E1-A070-44B8D7D2F746}.Release|Win32.ActiveCfg = Release|Win32
		{31FF3CF0-E219-45E1-A070-44B8D7D2F746}.Release|Win32.Build.0 = Release|Win32
		{31FF3CF0-E219-45E1-A070-44B8D7D2F746}.Release|Win32.Deploy.0 = Release|Win32
		{523CDFF4-DEE7-44A7-8EBD-AAD20F878490}.Debug|Win32.ActiveCfg = Debug|Win32
		{523CDFF4-DEE7-44A7-8EBD-AAD20F878490}.Debug|Win32.Build.0 = Debug|Win32
		{523CDFF4-DEE7-44A7-8EBD-AAD20F878490}.Debug|Win32.Deploy.0 = Debug|Win32
		{523CDFF4-DEE7-44A7-8EBD-AAD20F878490}.Release|Win32.ActiveCfg = Release|Win32
		{523CDFF4-DEE7-44A7-8EBD-AAD20F878490}.Release|Win32.Build.0 = Release|Win32
		{523CDFF4-DEE7-44A7-8EBD-AAD20F878490}.Release|Win32.Deploy.0 = Release|Win32
		{2455C0FF-4E3A-491F-8CB5-658B40C58B31}.Debug|Win32.ActiveCfg = Debug|Win32
		{2455C0FF-4E3A-491F-8CB5-658B40C58B31}.Debug|Win32.Build.0 = Debug|Win32
		{2455C0FF-4E3A-491F-8CB5-658B40C58B31}.Debug|Win32.Deploy.0 = Debug|Win32
		{2455C0FF-4E3A-491F-8CB5-658B40C58B31}.Release|Win32.ActiveCfg = Release|Win32
		{2455C0FF-4E3A-491F-8CB5-658B40C58B31}.Release|Win32.Build.0 = Release|Win32
		{2455C0FF-4E3A-491F-8CB5-658B40C58B31}.Release|Win32.Deploy.0 = Release|Win32
		{8AF759A3-B3A5-4DE7-9C6C-B19AFC632086}.Debug|Win32.ActiveCfg = Debug|Win32
		{8AF759A3-B3A5-4DE7-9C6C-B19AFC632086}.Debug|Win32.Build.0 = Debug|Win32
		{8AF759A3-B3A5-4DE7-9C6C-B19AFC632086}.Debug|Win32.Deploy.0 = Debug|Win32
		{8AF759A3-B3A5-4DE7-9C6C-B19AFC632086}.Release|Win32.ActiveCfg = Release|Win32
		{8AF759A3-B3A5-4DE7-9C6C-B19AFC632086}.Release|Win32.Build.0 = Release|Win32
		{8AF759A3-B3A5-4DE7-9C6C-B19AFC632086}.Release|Win32.Deploy.0 = Release|Win32
		{9343BCA2-E092-4E43-912B-253AD1248353}.Debug|Win32.ActiveCfg = Debug|Win32
		{9343BCA2-E092-4E43-912B-253AD1248353}.Debug|Win32.Build.0 = Debug|Win32
		{9343BCA2-E092-4E43-912B-253AD1248353}.Debug|Win32.Deploy.0 = Debug|Win32
		{9343BCA2-E092-4E43-912B-253AD1248353}.Release|Win32.ActiveCfg = Release|Win32
		{9343BCA2-E092-4E43-912B-253AD1248353}.Release|Win32.Build.0 = Release|Win32
		{9343BCA2-E092-4E43-912B-253AD1248353}.Release|Win32.Deploy.0 = Release|Win32
		{7313B531-C196-43D4-917A-18695741CC6B}.Debug|Win32.ActiveCfg = Debug|Win32
		{7313B531-C196-43D4-917A-18695741CC6B}.Debug|Win32.Build.0 = Debug|Win32
		{7313B531-C196-43D4-917A-18695741CC6B}.Debug|Win32.Deploy.0 = Debug|Win32
		{7313B531-C196-43D4-917A-18695741CC6B}.Release|Win32.ActiveCfg = Release|Win32
		{7313B531-C196-43D4-917A-18695741CC6B}.Release|Win32.Build.0 = Release|Win32
		{7313B531-C196-43D4-917A-18695741CC6B}.Release|Win32.Deploy.0 = Release|Win32
		{F28E1833-5720-4822-A7C2-CA6609310D68}.Debug|Win32.ActiveCfg = Debug|Win32
		{F28E1833-5720-4822-A7C2-CA6609310D68}.Debug|Win32.Build.0 = Debug|Win32
		{F28E1833-5720-4822-A7C2-CA6609310D68}.Debug|Win32.Deploy.0 = Debug|Win32
		{F28E1833-5720-4822-A7C2-CA6609310D68}.Release|Win32.ActiveCfg = Release|Win32
		{F28E1833-5720-4822-A7C2-CA6609310D68}.Release|Win32.Build.0 = Release|Win32
		{F28E1833-5720-4822-A7C2-CA6609310D68}.Release|Win32.Deploy.0 = Release|Win32
		{AACA44FB-6E52-4EF0-B717-728C0DCADC69}.Debug|Win32.ActiveCfg = Debug|Win32
		{AACA44FB-6E52-4EF0-B717-728C0DCADC69}.Debug|Win32.Build.0 = Debug|Win32
		{AACA44FB-6E52-4EF0-B717-728C0DCADC69}.Release|Win32.ActiveCfg = Release|Win32
		{AACA44FB-6E52-4EF0-B717-728C0DCADC69}.Release|Win32.Build.0 = Release|Win32
		{872C05F9-6BD9-4078-B015-E7E5178EBA35}.Debug|Win32.ActiveCfg = Debug|Win32
		{872C05F9-6BD9-4078-B015-E7E5178EBA35}.Debug|Win32.Build.0 = Debug|Win32
		{872C05F9-6BD9-4078-B015-E7E5178EBA35}.Release|Win32.ActiveCfg = Release|Win32
		{872C05F9-6BD9-4078-B015-E7E5178EBA35}.Release|Win32.Build.0 = Release|Win32
		{F37E887E-4350-4121-9529-162B49385BC4}.Debug|Win32.ActiveCfg = Debug|Win32
		{F37E887E-4350-4121-9529-162B49385BC4}.Debug|Win32.Build.0 = Debug|Win32
		{F37E887E-4350-4121-9529-162B49385BC4}.Release|Win32.ActiveCfg = Release|Win32
		{F37E887E-4350-4121-9529-162B49385BC4}.Release|Win32.Build.0 = Release|Win32
		{D3F5335A-9CFB-408E-89FB-2115F9C3B5F4}.Debug|Win32.ActiveCfg = Debug|Win32
		{D3F5335A-9CFB-408E-89FB-2115F9C3B5F4}.Debug|Win32.Build.0 = Debug|Win32
		{D3F5335A-9CFB-408E-89FB-2115F9C3B5F4}.Release|Win32.ActiveCfg = Release|Win32
		{D3F5335A-9CFB-408E-89FB-2115F9C3B5F4}.Release|Win32.Build.0 = Release|Win32
		{53862A21-2802-4D32-AC0C-5302CEF802FD}.Debug|Win32.ActiveCfg = Debug|Win32
		{53862A21-2802-4D32-AC0C-5302CEF802FD}.Debug|Win32.Build.0 = Debug|Win32
		{53862A21-2802-4D32-AC0C-5302CEF802FD}.Release|Win32.ActiveCfg = Release|Win32
		{53862A21-2802-4D32-AC0C-5302CEF802FD}.Release|Win32.Build.0 = Release|Win32
		{4F11354D-4221-4D1F-8386-0547CABECD3F}.Debug|Win32.ActiveCfg = Debug|Win32
		{4F11354D-4221-4D1F-8386-0547CABECD3F}.Debug|Win32.Build.0 = Debug|Win32
		{4F11354D-4221-4D1F-8386-0547CABECD3F}.Release|Win32.ActiveCfg = Release|Win32
		{4F11354D-4221-4D1F-8386-0547CABECD3F}.Release|Win32.Build.0 = Release|Win32
		{2FBCCA08-69BA-47B2-9513-B92DEB2301DF}.Debug|Win32.ActiveCfg = Debug|Win32
		{2FBCCA08-69BA-47B2-9513-B92DEB2301DF}.Debug|Win32.Build.0 = Debug|Win32
		{2FBCCA08-69BA-47B2-9513-B92DEB2301DF}.Debug|Win32.Deploy.0 = Debug|Win32
		{2FBCCA08-69BA-47B2-9513-B92DEB2301DF}.Release|Win32.ActiveCfg = Release|Win32
		{2FBCCA08-69BA-47B2-9513-B92DEB2301DF}.Release|Win32.Build.0 = Release|Win32
		{2FBCCA08-69BA-47B2-9513-B92DEB2301DF}.Release|Win32.Deploy.0 = Release|Win32
		{ACA94EA2-A218-4524-839E-CF36D5BF7A22}.Debug|Win32.ActiveCfg = Debug|Win32
		{ACA94EA2-A218-4524-839E-CF36D5BF7A22}.Debug|Win32.Build.0 = Debug|Win32
		{ACA94EA2-A218-4524-839E-CF36D5BF7A22}.Debug|Win32.Deploy.0 = Debug|Win32
		{ACA94EA2-A218-4524-839E-CF36D5BF7A22}.Release|Win32.ActiveCfg = Release|Win32
		{ACA94EA2-A218-4524-839E-CF36D5BF7A22}.Release|Win32.Build.0 = Release|Win32
		{ACA94EA2-A218-4524-839E-CF36D5BF7A22}.Release|Win32.Deploy.0 = Release|Win32
		{E1893074-BE34-46A3-B7F8-142A00CD459D}.Debug|Win32.ActiveCfg = Debug|Win32
		{E1893074-BE34-46A3-B7F8-142A00CD459D}.Debug|Win32.Build.0 = Debug|Win32
		{E1893074-BE34-46A3-B7F8-142A00CD459D}.Debug|Win32.Deploy.0 = Debug|Win32
		{E1893074-BE34-46A3-B7F8-142A00CD459D}.Release|Win32.ActiveCfg = Release|Win32
		{E1893074-BE34-46A3-B7F8-142A00CD459D}.Release|Win32.Build.0 = Release|Win32
		{E1893074-BE34-46A3-B7F8-142A00CD459D}.Release|Win32.Deploy.0 = Release|Win32
		{A7AC945E-22D0-44AE-92D4-25AA924B6473}.Debug|Win32.ActiveCfg = Debug|Win32
		{A7AC945E-22D0-44AE-92D4-25AA924B6473}.Debug|Win32.Build.0 = Debug|Win32
		{A7AC945E-22D0-44AE-92D4-25AA924B6473}.Debug|Win32.Deploy.0 = Debug|Win32
		{A7AC945E-22D0-44AE-92D4-25AA924B6473}.Release|Win32.ActiveCfg = Release|Win32
		{A7AC945E-22D0-44AE-92D4-25AA924B6473}.Release|Win32.Build.0 = Release|Win32
		{A7AC945E-22D0-44AE-92D4-25AA924B6473}.Release|Win32.Deploy.0 = Release|Win32
		{AE92E636-9B4B-4BD2-B5AA-14A651573EDC}.Debug|Win32.ActiveCfg = Debug|Win32
		{AE92E636-9B4B-4BD2-B5AA-14A651573EDC}.Debug|Win32.Build.0 = Debug|Win32
		{AE92E636-9B4B-4BD2-B5AA-14A651573EDC}.Debug|Win32.Deploy.0 = Debug|Win32
		{AE92E636-9B4B-4BD2-B5AA-14A651573EDC}.Release|Win32.ActiveCfg = Release|Win32
		{AE92E636-9B4B-4BD2-B5AA-14A651573EDC}.Release|Win32.Build.0 = Release|Win32
		{AE92E636-9B4B-4BD2-B5AA-14A651573EDC}.Release|Win32.Deploy.0 = Release|Win32
		{E35BBC7F-9D2F-4B88-8706-E9C9FCCC834A}.Debug|Win32.ActiveCfg = Debug|Win32
		{E35BBC7F-9D2F-4B88-8706-E9C9FCCC834A}.Debug|Win32.Build.0 = Debug|Win32
		{E35BBC7F-9D2F-4B88-8706-E9C9FCCC834A}.Debug|Win32.Deploy.0 = Debug|Win32
		{E35BBC7F-9D2F-4B88-8706-E9C9FCCC834A}.Release|Win32.ActiveCfg = Release|Win32
		{E35BBC7F-9D2F-4B88-8706-E9C9FCCC834A}.Release|Win32.Build.0 = Release|Win32
		{E35BBC7F-9D2F-4B88-8706-E9C9FCCC834A}.Release|Win32.Deploy.0 = Release|Win32
		{54B328CB-00F2-4DEA-BE6D-0039D3C11F67}.Debug|Win32.ActiveCfg = Debug|Win32
		{54B328CB-00F2-4DEA-BE6D-0039D3C11F67}.Debug|Win32.Build.0 = Debug|Win32
		{54B328CB-00F2-4DEA-BE6D-0039D3C11F67}.Debug|Win32.Deploy.0 = Debug|Win32
		{54B328CB-00F2-4DEA-BE6D-0039D3C11F67}.Release|Win32.ActiveCfg = Release|Win32
		{54B328CB-00F2-4DEA-BE6D-0039D3C11F67}.Release|Win32.Build.0 = Release|Win32
		{54B328CB-00F2-4DEA-BE6D-0039D3C11F67}.Release|Win32.Deploy.0 = Release|Win32
		{BA92C04A-CE51-4F2A-8C0A-FE9077E6A892}.Debug|Win32.ActiveCfg = Debug|Win32
		{BA92C04A-CE51-4F2A-8C0A-FE9077E6A892}.Debug|Win32.Build.0 = Debug|Win32
		{BA92C04A-CE51-4F2A-8C0A-FE9077E6A892}.Debug|Win32.Deploy.0 = Debug|Win32
		{BA92C04A-CE51-4F2A-8C0A-FE9077E6A892}.Release|Win32.ActiveCfg = Release|Win32
		{BA92C04A-CE51-4F2A-8C0A-FE9077E6A892}.Release|Win32.Build.0 = Release|Win32
		{BA92C04A-CE51-4F2A-8C0A-FE9077E6A892}.Release|Win32.Deploy.0 = Release|Win32
		{F66A4AA9-18CE-414D-9BB2-4DF7F0F7113A}.Debug|Win32.ActiveCfg = Debug|Win32
		{F66A4AA9-18CE-414D-9BB2-4DF7F0F7113A}.Debug|Win32.Build.0 = Debug|Win32
		{F66A4AA9-18CE-414D-9BB2-4DF7F0F7113A}.Debug|Win32.Deploy.0 = Debug|Win32
		{F66A4AA9-18CE-414D-9BB2-4DF7F0F7113A}.Release|Win32.ActiveCfg = Release|Win32
		{F66A4AA9-18CE-414D-9BB2-4DF7F0F7113A}.Release|Win32.Build.0 = Release|Win32
		{F66A4AA9-18CE-414D-9BB2-4DF7F0F7113A}.Release|Win32.Deploy.0 = Release|Win32
		{DF699717-7702-4A83-9688-BCE3D6A7F0DB}.Debug|Win32.ActiveCfg = Debug|Win32
		{DF699717-7702-4A83-9688-BCE3D6A7F0DB}.Debug|Win32.Build.0 = Debug|Win32
		{DF699717-7702-4A83-9688-BCE3D6A7F0DB}.Debug|Win32.Deploy.0 = Debug|Win32
		{DF699717-7702-4A83-9688-BCE3D6A7F0DB}.Release|Win32.ActiveCfg = Release|Win32
		{DF699717-7702-4A83-9688-BCE3D6A7F0DB}.Release|Win32.Build.0 = Release|Win32
		{DF699717-7702-4A83-9688-BCE3D6A7F0DB}.Release|Win32.Deploy.0 = Release|Win32
		{5A17DE10-947C-4DC3-8DBB-64AAA26DE53C}.Debug|Win32.ActiveCfg = Debug|Win32
		{5A17DE10-947C-4DC3-8DBB-64AAA26DE53C}.Debug|Win32.Build.0 = Debug|Win32
		{5A17DE10-947C-4DC3-8DBB-64AAA26DE53C}.Debug|Win32.Deploy.0 = Debug|Win32
		{5A17DE10-947C-4DC3-8DBB-64AAA26DE53C}.Release|Win32.ActiveCfg = Release|Win32
		{5A17DE10-947C-4DC3-8DBB-64AAA26DE53C}.Release|Win32.Build.0 = Release|Win32
		{5A17DE10-947C-4DC3-8DBB-64AAA26DE53C}.Release|Win32.Deploy.0 = Release|Win32
		{E426A7AC-3E11-49AB-B4E2-0B43D53230A7}.Debug|Win32.ActiveCfg = Debug|Win32
		{E426A7AC-3E11-49AB-B4E2-0B43D53230A7}.Debug|Win32.Build.0 = Debug|Win32
		{E426A7AC-3E11-49AB-B4E2-0B43D53230A7}.Debug|Win32.Deploy.0 = Debug|Win32
		{E426A7AC-3E11-49AB-B4E2-0B43D53230A7}.Release|Win32.ActiveCfg = Release|Win32
		{E426A7AC-3E11-49AB-B4E2-0B43D53230A7}.Release|Win32.Build.0 = Release|Win32
		{E426A7AC-3E11-49AB-B4E2-0B43D53230A7}.Release|Win32.Deploy.0 = Release|Win32
		{F87E44AF-6BDE-4A2D-9910-A8E9C06D145F}.Debug|Win32.ActiveCfg = Debug|Win32
		{F87E44AF-6BDE-4A2D-9910-A8E9C06D145F}.Debug|Win32.Build.0 = Debug|Win32
		{F87E44AF-6BDE-4A2D-9910-A8E9C06D145F}.Debug|Win32.Deploy.0 = Debug|Win32
		{F87E44AF-6BDE-4A2D-9910-A8E9C06D145F}.Release|Win32.ActiveCfg = Release|Win32
		{F87E44AF-6BDE-4A2D-9910-A8E9C06D145F}.Release|Win32.Build.0 = Release|Win32
		{F87E44AF-6BDE-4A2D-9910-A8E9C06D145F}.Release|Win32.Deploy.0 = Release|Win32
		{2AF012F1-1CD1-4B01-864A-B1759B6C1029}.Debug|Win32.ActiveCfg = Debug|Win32
		{2AF012F1-1CD1-4B01-864A-B1759B6C1029}.Debug|Win32.Build.0 = Debug|Win32
		{2AF012F1-1CD1-4B01-864A-B1759B6C1029}.Debug|Win32.Deploy.0 = Debug|Win32
		{2AF012F1-1CD1-4B01-864A-B1759B6C1029}.Release|Win32.ActiveCfg = Release|Win32
		{2AF012F1-1CD1-4B01-864A-B1759B6C1029}.Release|Win32.Build.0 = Release|Win32
		{2AF012F1-1CD1-4B01-864A-B1759B6C1029}.Release|Win32.Deploy.0 = Release|Win32
		{4BFB05AE-DA78-4E06-8F1E-E0DD13FF4B7C}.Debug|Win32.ActiveCfg = Debug|Win32
		{4BFB05AE-DA78-4E06-8F1E-E0DD13FF4B7C}.Debug|Win32.Build.0 = Debug|Win32
		{4BFB05AE-DA78-4E06-8F1E-E0DD13FF4B7C}.Debug|Win32.Deploy.0 = Debug|Win32
		{4BFB05AE-DA78-4E06-8F1E-E0DD13FF4B7C}.Release|Win32.ActiveCfg = Release|Win32
		{4BFB05AE-DA78-4E06-8F1E-E0DD13FF4B7C}.Release|Win32.Build.0 = Release|Win32
		{4BFB05AE-DA78-4E06-8F1E-E0DD13FF4B7C}.Release|Win32.Deploy.0 = Release|Win32
		{21236C66-CD07-4499-80FA-7CF892B862C2}.Debug|Win32.ActiveCfg = Debug|Win32
		{21236C66-CD07-4499-80FA-7CF892B862C2}.Debug|Win32.Build.0 = Debug|Win32
		{21236C66-CD07-4499-80FA-7CF892B862C2}.Debug|Win32.Deploy.0 = Debug|Win32
		{21236C66-CD07-4499-80FA-7CF892B862C2}.Release|Win32.ActiveCfg = Release|Win32
		{21236C66-CD07-4499-80FA-7CF892B862C2}.Release|Win32.Build.0 = Release|Win32
		{21236C66-CD07-4499-80FA-7CF892B862C2}.Release|Win32.Deploy.0 = Release|Win32
		{91BC360F-A201-47CE-A773-C73CA5008380}.Debug|Win32.ActiveCfg = Debug|Win32
		{91BC360F-A201-47CE-A773-C73CA5008380}.Debug|Win32.Build.0 = Debug|Win32
		{91BC360F-A201-47CE-A773-C73CA5008380}.Debug|Win32.Deploy.0 = Debug|Win32
		{91BC360F-A201-47CE-A773-C73CA5008380}.Release|Win32.ActiveCfg = Release|Win32
		{91BC360F-A201-47CE-A773-C73CA5008380}.Release|Win32.Build.0 = Release|Win32
		{91BC360F-A201-47CE-A773-C73CA5008380}.Release|Win32.Deploy.0 = Release|Win32
		{05995ABF-E0F5-4C8C-A230-09A10968BEDA}.Debug|Win32.ActiveCfg = Debug|Win32
		{05995ABF-E0F5-4C8C-A230-09A10968BEDA}.Debug|Win32.Build.0 = Debug|Win32
		{05995ABF-E0F5-4C8C-A230-09A10968BEDA}.Debug|Win32.Deploy.0 = Debug|Win32
		{05995ABF-E0F5-4C8C-A230-09A10968BEDA}.Release|Win32.ActiveCfg = Release|Win32
		{05995ABF-E0F5-4C8C-A230-09A10968BEDA}.Release|Win32.Build.0 = Release|Win32
		{05995ABF-E0F5-4C8C-A230-09A10968BEDA}.Release|Win32.Deploy.0 = Release|Win32
		{69E10E9E-A191-4D06-9286-0A30B7B682F6}.Debug|Win32.ActiveCfg = Debug|Win32
		{69E10E9E-A191-4D06-9286-0A30B7B682F6}.Debug|Win32.Build.0 = Debug|Win32
		{69E10E9E-A191-4D06-9286-0A30B7B682F6}.Debug|Win32.Deploy.0 = Debug|Win32
		{69E10E9E-A191-4D06-9286-0A30B7B682F6}.Release|Win32.ActiveCfg = Release|Win32
		{69E10E9E-A191-4D06-9286-0A30B7B682F6}.Release|Win32.Build.0 = Release|Win32
		{69E10E9E-A191-4D06-9286-0A30B7B682F6}.Release|Win32.Deploy.0 = Release|Win32
		{73189926-F375-49E5-BB76-40910DF2F460}.Debug|Win32.ActiveCfg = Debug|Win32
		{73189926-F375-49E5-BB76-40910DF2F460}.Debug|Win32.Build.0 = Debug|Win32
		{73189926-F375-49E5-BB76-40910DF2F460}.Debug|Win32.Deploy.0 = Debug|Win32
		{73189926-F375-49E5-BB76-40910DF2F460}.Release|Win32.ActiveCfg = Release|Win32
		{73189926-F375-49E5-BB76-40910DF2F460}.Release|Win32.Build.0 = Release|Win32
		{73189926-F375-49E5-BB76-40910DF2F460}.Release|Win32.Deploy.0 = Release|Win32
		{7121365F-F5E1-4F9E-ABB6-F9A7620AAC2C}.Debug|Win32.ActiveCfg = Debug|Win32
		{7121365F-F5E1-4F9E-ABB6-F9A7620AAC2C}.Debug|Win32.Build.0 = Debug|Win32
		{7121365F-F5E1-4F9E-ABB6-F9A7620AAC2C}.Debug|Win32.Deploy.0 = Debug|Win32
		{7121365F-F5E1-4F9E-ABB6-F9A7620AAC2C}.Release|Win32.ActiveCfg = Release|Win32
		{7121365F-F5E1-4F9E-ABB6-F9A7620AAC2C}.Release|Win32.Build.0 = Release|Win32
		{7121365F-F5E1-4F9E-ABB6-F9A7620AAC2C}.Release|Win32.Deploy.0 = Release|Win32
		{B5A39E4D-AE97-461D-B90A-8CE951303A63}.Debug|Win32.ActiveCfg = Debug|Win32
		{B5A39E4D-AE97-461D-B90A-8CE951303A63}.Debug|Win32.Build.0 = Debug|Win32
		{B5A39E4D-AE97-461D-B90A-8CE951303A63}.Debug|Win32.Deploy.0 = Debug|Win32
		{B5A39E4D-AE97-461D-B90A-8CE951303A63}.Release|Win32.ActiveCfg = Release|Win32
		{B5A39E4D-AE97-461D-B90A-8CE951303A63}.Release|Win32.Build.0 = Release|Win32
		{B5A39E4D-AE97-461D-B90A-8CE951303A63}.Release|Win32.Deploy.0 = Release|Win32
		{51506DB6-E35E-41A0-9B40-A13C138B5853}.Debug|Win32.ActiveCfg = Debug|Win32
		{51506DB6-E35E-41A0-9B40-A13C138B5853}.Debug|Win32.Build.0 = Debug|Win32
		{51506DB6-E35E-41A0-9B40-A13C138B5853}.Debug|Win32.Deploy.0 = Debug|Win32
		{51506DB6-E35E-41A0-9B40-A13C138B5853}.Release|Win32.ActiveCfg = Release|Win32
		{51506DB6-E35E-41A0-9B40-A13C138B5853}.Release|Win32.Build.0 = Release|Win32
		{51506DB6-E35E-41A0-9B40-A13C138B5853}.Release|Win32.Deploy.0 = Release|Win32
		{77CA21CD-29F1-4013-8FF4-DAD10F47D8FE}.Debug|Win32.ActiveCfg = Debug|Win32
		{77CA21CD-29F1-4013-8FF4-DAD10F47D8FE}.Debug|Win32.Build.0 = Debug|Win32
		{77CA21CD-29F1-4013-8FF4-DAD10F47D8FE}.Debug|Win32.Deploy.0 = Debug|Win32
		{77CA21CD-29F1-4013-8FF4-DAD10F47D8FE}.Release|Win32.ActiveCfg = Release|Win32
		{77CA21CD-29F1-4013-8FF4-DAD10F47D8FE}.Release|Win32.Build.0 = Release|Win32
		{77CA21CD-29F1-4013-8FF4-DAD10F47D8FE}.Release|Win32.Deploy.0 = Release|Win32
		{54F7C48C-B2D4-4540-86E3-2BAA033C2AC0}.Debug|Win32.ActiveCfg = Debug|Win32
		{54F7C48C-B2D4-4540-86E3-2BAA033C2AC0}.Debug|Win32.Build.0 = Debug|Win32
		{54F7C48C-B2D4-4540-86E3-2BAA033C2AC0}.Debug|Win32.Deploy.0 = Debug|Win32
		{54F7C48C-B2D4-4540-86E3-2BAA033C2AC0}.Release|Win32.ActiveCfg = Release|Win32
		{54F7C48C-B2D4-4540-86E3-2BAA033C2AC0}.Release|Win32.Build.0 = Release|Win32
		{54F7C48C-B2D4-4540-86E3-2BAA033C2AC0}.Release|Win32.Deploy.0 = Release|Win32
		{4B27C6AB-AD43-42E8-B02F-22C951A2188F}.Debug|Win32.ActiveCfg = Debug|Win32
		{4B27C6AB-AD43-42E8-B02F-22C951A2188F}.Debug|Win32.Build.0 = Debug|Win32
		{4B27C6AB-AD43-42E8-B02F-22C951A2188F}.Debug|Win32.Deploy.0 = Debug|Win32
		{4B27C6AB-AD43-42E8-B02F-22C951A2188F}.Release|Win32.ActiveCfg = Release|Win32
		{4B27C6AB-AD43-42E8-B02F-22C951A2188F}.Release|Win32.Build.0 = Release|Win32
		{4B27C6AB-AD43-42E8-B02F-22C951A2188F}.Release|Win32.Deploy.0 = Release|Win32
		{561E1556-7BD3-4834-80FC-59C91E9F1D1E}.Debug|Win32.ActiveCfg = Debug|Win32
		{561E1556-7BD3-4834-80FC-59C91E9F1D1E}.Debug|Win32.Build.0 = Debug|Win32
		{561E1556-7BD3-4834-80FC-59C91E9F1D1E}.Debug|Win32.Deploy.0 = Debug|Win32
		{561E1556-7BD3-4834-80FC-59C91E9F1D1E}.Release|Win32.ActiveCfg = Release|Win32
		{561E1556-7BD3-4834-80FC-59C91E9F1D1E}.Release|Win32.Build.0 = Release|Win32
		{561E1556-7BD3-4834-80FC-59C91E9F1D1E}.Release|Win32.Deploy.0 = Release|Win32
		{5991DF5C-94E4-4863-B258-79F87787FD00}.Debug|Win32.ActiveCfg = Debug|Win32
		{5991DF5C-94E4-4863-B258-79F87787FD00}.Debug|Win32.Build.0 = Debug|Win32
		{5991DF5C-94E4-4863-B258-79F87787FD00}.Debug|Win32.Deploy.0 = Debug|Win32
		{5991DF5C-94E4-4863-B258-79F87787FD00}.Release|Win32.ActiveCfg = Release|Win32
		{5991DF5C-94E4-4863-B258-79F87787FD00}.Release|Win32.Build.0 = Release|Win32
		{5991DF5C-94E4-4863-B258-79F87787FD00}.Release|Win32.Deploy.0 = Release|Win32
		{C1B5F6CF-1550-4672-ADEC-15E11B218D82}.Debug|Win32.ActiveCfg = Debug|Win32
		{C1B5F6CF-1550-4672-ADEC-15E11B218D82}.Debug|Win32.Build.0 = Debug|Win32
		{C1B5F6CF-1550-4672-ADEC-15E11B218D82}.Debug|Win32.Deploy.0 = Debug|Win32
		{C1B5F6CF-1550-4672-ADEC-15E11B218D82}.Release|Win32.ActiveCfg = Release|Win32
		{C1B5F6CF-1550-4672-ADEC-15E11B218D82}.Release|Win32.Build.0 = Release|Win32
		{C1B5F6CF-1550-4672-ADEC-15E11B218D82}.Release|Win32.Deploy.0 = Release|Win32
		{B383DA0E-7CA0-45B1-84A1-C6BA1F578D89}.Debug|Win32.ActiveCfg = Debug|Win32
		{B383DA0E-7CA0-45B1-84A1-C6BA1F578D89}.Debug|Win32.Build.0 = Debug|Win32
		{B383DA0E-7CA0-45B1-84A1-C6BA1F578D89}.Debug|Win32.Deploy.0 = Debug|Win32
		{B383DA0E-7CA0-45B1-84A1-C6BA1F578D89}.Release|Win32.ActiveCfg = Release|Win32
		{B383DA0E-7CA0-45B1-84A1-C6BA1F578D89}.Release|Win32.Build.0 = Release|Win32
		{B383DA0E-7CA0-45B1-84A1-C6BA1F578D89}.Release|Win32.Deploy.0 = Release|Win32
		{C425A1C7-FD21-4D5C-A48E-8D07B3DBA744}.Debug|Win32.ActiveCfg = Debug|Win32
		{C425A1C7-FD21-4D5C-A48E-8D07B3DBA744}.Debug|Win32.Build.0 = Debug|Win32
		{C425A1C7-FD21-4D5C-A48E-8D07B3DBA744}.Debug|Win32.Deploy.0 = Debug|Win32
		{C425A1C7-FD21-4D5C-A48E-8D07B3DBA744}.Release|Win32.ActiveCfg = Release|Win32
		{C425A1C7-FD21-4D5C-A48E-8D07B3DBA744}.Release|Win32.Build.0 = Release|Win32
		{C425A1C7-FD21-4D5C-A48E-8D07B3DBA744}.Release|Win32.Deploy.0 = Release|Win32
		{3CB49A05-2E57-498A-A5D2-375A6D6DFF28}.Debug|Win32.ActiveCfg = Debug|Win32
		{3CB49A05-2E57-498A-A5D2-375A6D6DFF28}.Debug|Win32.Build.0 = Debug|Win32
		{3CB49A05-2E57-498A-A5D2-375A6D6DFF28}.Debug|Win32.Deploy.0 = Debug|Win32
		{3CB49A05-2E57-498A-A5D2-375A6D6DFF28}.Release|Win32.ActiveCfg = Release|Win32
		{3CB49A05-2E57-498A-A5D2-375A6D6DFF28}.Release|Win32.Build.0 = Release|Win32
		{3CB49A05-2E57-498A-A5D2-375A6D6DFF28}.Release|Win32.Deploy.0 = Release|Win32
		{8084CE4E-D872-49F7-841E-B09E2756D06F}.Debug|Win32.ActiveCfg = Debug|Win32
		{8084CE4E-D872-49F7-841E-B09E2756D06F}.Debug|Win32.Build.0 = Debug|Win32
		{8084CE4E-D872-49F7-841E-B09E2756D06F}.Debug|Win32.Deploy.0 = Debug|Win32
		{8084CE4E-D872-49F7-841E-B09E2756D06F}.Release|Win32.ActiveCfg = Release|Win32
		{8084CE4E-D872-49F7-841E-B09E2756D06F}.Release|Win32.Build.0 = Release|Win32
		{8084CE4E-D872-49F7-841E-B09E2756D06F}.Release|Win32.Deploy.0 = Release|Win32
		{559F7F6C-788C-4F57-B8D9-3BEF71ABBD22}.Debug|Win32.ActiveCfg = Debug|Win32
		{559F7F6C-788C-4F57-B8D9-3BEF71ABBD22}.Debug|Win32.Build.0 = Debug|Win32
		{559F7F6C-788C-4F57-B8D9-3BEF71ABBD22}.Debug|Win32.Deploy.0 = Debug|Win32
		{559F7F6C-788C-4F57-B8D9-3BEF71ABBD22}.Release|Win32.ActiveCfg = Release|Win32
		{559F7F6C-788C-4F57-B8D9-3BEF71ABBD22}.Release|Win32.Build.0 = Release|Win32
		{559F7F6C-788C-4F57-B8D9-3BEF71ABBD22}.Release|Win32.Deploy.0 = Release|Win32
		{E449BE7D-823F-4076-8D45-58EF58EA92D9}.Debug|Win32.ActiveCfg = Debug|Win32
		{E449BE7D-823F-4076-8D45-58EF58EA92D9}.Debug|Win32.Build.0 = Debug|Win32
		{E449BE7D-823F-4076-8D45-58EF58EA92D9}.Debug|Win32.Deploy.0 = Debug|Win32
		{E449BE7D-823F-4076-8D45-58EF58EA92D9}.Release|Win32.ActiveCfg = Release|Win32
		{E449BE7D-823F-4076-8D45-58EF58EA92D9}.Release|Win32.Build.0 = Release|Win32
		{E449BE7D-823F-4076-8D45-58EF58EA92D9}.Release|Win32.Deploy.0 = Release|Win32
		{EE3D95D7-E728-43D5-A5CA-FC20204F6D12}.Debug|Win32.ActiveCfg = Debug|Win32
		{EE3D95D7-E728-43D5-A5CA-FC20204F6D12}.Debug|Win32.Build.0 = Debug|Win32
		{EE3D95D7-E728-43D5-A5CA-FC20204F6D12}.Debug|Win32.Deploy.0 = Debug|Win32
		{EE3D95D7-E728-43D5-A5CA-FC20204F6D12}.Release|Win32.ActiveCfg = Release|Win32
		{EE3D95D7-E728-43D5-A5CA-FC20204F6D12}.Release|Win32.Build.0 = Release|Win32
		{EE3D95D7-E728-43D5-A5CA-FC20204F6D12}.Release|Win32.Deploy.0 = Release|Win32
		{C2DBB971-28A5-40D9-9E8A-DAEBDD03D5E7}.Debug|Win32.ActiveCfg = Debug|Win32
		{C2DBB971-28A5-40D9-9E8A-DAEBDD03D5E7}.Debug|Win32.Build.0 = Debug|Win32
		{C2DBB971-28A5-40D9-9E8A-DAEBDD03D5E7}.Debug|Win32.Deploy.0 = Debug|Win32
		{C2DBB971-28A5-40D9-9E8A-DAEBDD03D5E7}.Release|Win32.ActiveCfg = Release|Win32
		{C2DBB971-28A5-40D9-9E8A-DAEBDD03D5E7}.Release|Win32.Build.0 = Release|Win32
		{C2DBB971-28A5-40D9-9E8A-DAEBDD03D5E7}.Release|Win32.Deploy.0 = Release|Win32
		{07941A5D-6588-4F2D-BDEA-99B647CCD718}.Debug|Win32.ActiveCfg = Debug|Win32
		{07941A5D-6588-4F2D-BDEA-99B647CCD718}.Debug|Win32.Build.0 = Debug|Win32
		{07941A5D-6588-4F2D-BDEA-99B647CCD718}.Debug|Win32.Deploy.0 = Debug|Win32
		{07941A5D-6588-4F2D-BDEA-99B647CCD718}.Release|Win32.ActiveCfg = Release|Win32
		{07941A5D-6588-4F2D-BDEA-99B647CCD718}.Release|Win32.Build.0 = Release|Win32
		{07941A5D-6588-4F2D-BDEA-99B647CCD718}.Release|Win32.Deploy.0 = Release|Win32
		{B5D0E8E4-49DE-4A48-918C-5451109CA074}.Debug|Win32.ActiveCfg = Debug|Win32
		{B5D0E8E4-49DE-4A48-918C-5451109CA074}.Debug|Win32.Build.0 = Debug|Win32
		{B5D0E8E4-49DE-4A48-918C-5451109CA074}.Debug|Win32.Deploy.0 = Debug|Win32
		{B5D0E8E4-49DE-4A48-918C-5451109CA074}.Release|Win32.ActiveCfg = Release|Win32
		{B5D0E8E4-49DE-4A48-918C-5451109CA074}.Release|Win32.Build.0 = Release|Win32
		{B5D0E8E4-49DE-4A48-918C-5451109CA074}.Release|Win32.Deploy.0 = Release|Win32
		{E0FA97CC-77C2-4F98-80F8-5758B30437C0}.Debug|Win32.ActiveCfg = Debug|Win32
		{E0FA97CC-77C2-4F98-80F8-5758B30437C0}.Debug|Win32.Build.0 = Debug|Win32
		{E0FA97CC-77C2-4F98-80F8-5758B30437C0}.Debug|Win32.Deploy.0 = Debug|Win32
		{E0FA97CC-77C2-4F98-80F8-5758B30437C0}.Release|Win32.ActiveCfg = Release|Win32
		{E0FA97CC-77C2-4F98-80F8-5758B30437C0}.Release|Win32.Build.0 = Release|Win32
		{E0FA97CC-77C2-4F98-80F8-5758B30437C0}.Release|Win32.Deploy.0 = Release|Win32
		{04D517CB-D343-45A8-A015-EBD5A9ABEFA1}.Debug|Win32.ActiveCfg = Debug|Win32
		{04D517CB-D343-45A8-A015-EBD5A9ABEFA1}.Debug|Win32.Build.0 = Debug|Win32
		{04D517CB-D343-45A8-A015-EBD5A9ABEFA1}.Debug|Win32.Deploy.0 = Debug|Win32
		{04D517CB-D343-45A8-A015-EBD5A9ABEFA1}.Release|Win32.ActiveCfg = Release|Win32
		{04D517CB-D343-45A8-A015-EBD5A9ABEFA1}.Release|Win32.Build.0 = Release|Win32
		{04D517CB-D343-45A8-A015-EBD5A9ABEFA1}.Release|Win32.Deploy.0 = Release|Win32
		{172D60DA-6189-4E5B-B8BF-749DE6229ECC}.Debug|Win32.ActiveCfg = Debug|Win32
		{172D60DA-6189-4E5B-B8BF-749DE6229ECC}.Debug|Win32.Build.0 = Debug|Win32
		{172D60DA-6189-4E5B-B8BF-749DE6229ECC}.Debug|Win32.Deploy.0 = Debug|Win32
		{172D60DA-6189-4E5B-B8BF-749DE6229ECC}.Release|Win32.ActiveCfg = Release|Win32
		{172D60DA-6189-4E5B-B8BF-749DE6229ECC}.Release|Win32.Build.0 = Release|Win32
		{172D60DA-6189-4E5B-B8BF-749DE6229ECC}.Release|Win32.Deploy.0 = Release|Win32
		{A6BDBC05-03F4-4288-B7B5-C23D8520F7A1}.Debug|Win32.ActiveCfg = Debug|Win32
		{A6BDBC05-03F4-4288-B7B5-C23D8520F7A1}.Debug|Win32.Build.0 = Debug|Win32
		{A6BDBC05-03F4-4288-B7B5-C23D8520F7A1}.Debug|Win32.Deploy.0 = Debug|Win32
		{A6BDBC05-03F4-4288-B7B5-C23D8520F7A1}.Release|Win32.ActiveCfg = Release|Win32
		{A6BDBC05-03F4-4288-B7B5-C23D8520F7A1}.Release|Win32.Build.0 = Release|Win32
		{A6BDBC05-03F4-4288-B7B5-C23D8520F7A1}.Release|Win32.Deploy.0 = Release|Win32
		{D72FB6AD-FA0D-41BB-AEEF-0238980564BF}.Debug|Win32.ActiveCfg = Debug|Win32
		{D72FB6AD-FA0D-41BB-AEEF-0238980564BF}.Debug|Win32.Build.0 = Debug|Win32
		{D72FB6AD-FA0D-41BB-AEEF-0238980564BF}.Debug|Win32.Deploy.0 = Debug|Win32
		{D72FB6AD-FA0D-41BB-AEEF-0238980564BF}.Release|Win32.ActiveCfg = Release|Win32
		{D72FB6AD-FA0D-41BB-AEEF-0238980564BF}.Release|Win32.Build.0 = Release|Win32
		{D72FB6AD-FA0D-41BB-AEEF-0238980564BF}.Release|Win32.Deploy.0 = Release|Win32
		{603876C1-D8BE-4285-BA8B-5A2EAFB3A6E5}.Debug|Win32.ActiveCfg = Debug|Win32
		{603876C1-D8BE-4285-BA8B-5A2EAFB3A6E5}.Debug|Win32.Build.0 = Debug|Win32
		{603876C1-D8BE-4285-BA8B-5A2EAFB3A6E5}.Debug|Win32.Deploy.0 = Debug|Win32
		{603876C1-D8BE-4285-BA8B-5A2EAFB3A6E5}.Release|Win32.ActiveCfg = Release|Win32
		{603876C1-D8BE-4285-BA8B-5A2EAFB3A6E5}.Release|Win32.Build.0 = Release|Win32
		{603876C1-D8BE-4285-BA8B-5A2EAFB3A6E5}.Release|Win32.Deploy.0 = Release|Win32
		{A0231457-952A-4649-85C1-E1FA11EE9F03}.Debug|Win32.ActiveCfg = Debug|Win32
		{A0231457-952A-4649-85C1-E1FA11EE9F03}.Debug|Win32.Build.0 = Debug|Win32
		{A0231457-952A-4649-85C1-E1FA11EE9F03}.Debug|Win32.Deploy.0 = Debug|Win32
		{A0231457-952A-4649-85C1-E1FA11EE9F03}.Release|Win32.ActiveCfg = Release|Win32
		{A0231457-952A-4649-85C1-E1FA11EE9F03}.Release|Win32.Build.0 = Release|Win32
		{A0231457-952A-4649-85C1-E1FA11EE9F03}.Release|Win32.Deploy.0 = Release|Win32
		{140447E6-6942-422D-9B61-D73B3957DD88}.Debug|Win32.ActiveCfg = Debug|Win32
		{140447E6-6942-422D-9B61-D73B3957DD88}.Debug|Win32.Build.0 = Debug|Win32
		{140447E6-6942-422D-9B61-D73B3957DD88}.Debug|Win32.Deploy.0 = Debug|Win32
		{140447E6-6942-422D-9B61-D73B3957DD88}.Release|Win32.ActiveCfg = Release|Win32
		{140447E6-6942-422D-9B61-D73B3957DD88}.Release|Win32.Build.0 = Release|Win32
		{140447E6-6942-422D-9B61-D73B3957DD88}.Release|Win32.Deploy.0 = Release|Win32
		{5D2EA920-F584-4E2B-8283-F74590091BD5}.Debug|Win32.ActiveCfg = Debug|Win32
		{5D2EA920-F584-4E2B-8283-F74590091BD5}.Debug|Win32.Build.0 = Debug|Win32
		{5D2EA920-F584-4E2B-8283-F74590091BD5}.Debug|Win32.Deploy.0 = Debug|Win32
		{5D2EA920-F584-4E2B-8283-F74590091BD5}.Release|Win32.ActiveCfg = Release|Win32
		{5D2EA920-F584-4E2B-8283-F74590091BD5}.Release|Win32.Build.0 = Release|Win32
		{5D2EA920-F584-4E2B-8283-F74590091BD5}.Release|Win32.Deploy.0 = Release|Win32
		{B5DB90EE-DD07-42EF-9468-4FE748E27DCD}.Debug|Win32.ActiveCfg = Debug|Win32
		{B5DB90EE-DD07-42EF-9468-4FE748E27DCD}.Debug|Win32.Build.0 = Debug|Win32
		{B5DB90EE-DD07-42EF-9468-4FE748E27DCD}.Debug|Win32.Deploy.0 = Debug|Win32
		{B5DB90EE-DD07-42EF-9468-4FE748E27DCD}.Release|Win32.ActiveCfg = Release|Win32
		{B5DB90EE-DD07-42EF-9468-4FE748E27DCD}.Release|Win32.Build.0 = Release|Win32
		{B5DB90EE-DD07-42EF-9468-4FE748E27DCD}.Release|Win32.Deploy.0 = Release|Win32
		{610BC4B9-C01A-4919-8317-C953EF2717DF}.Debug|Win32.ActiveCfg = Debug|Win32
		{610BC4B9-C01A-4919-8317-C953EF2717DF}.Debug|Win32.Build.0 = Debug|Win32
		{610BC4B9-C01A-4919-8317-C953EF2717DF}.Debug|Win32.Deploy.0 = Debug|Win32
		{610BC4B9-C01A-4919-8317-C953EF2717DF}.Release|Win32.ActiveCfg = Release|Win32
		{610BC4B9-C01A-4919-8317-C953EF2717DF}.Release|Win32.Build.0 = Release|Win32
		{610BC4B9-C01A-4919-8317-C953EF2717DF}.Release|Win32.Deploy.0 = Release|Win32
		{B80453BD-7E03-46E5-B8A3-CF7C9C9F27A9}.Debug|Win32.ActiveCfg = Debug|Win32
		{B80453BD-7E03-46E5-B8A3-CF7C9C9F27A9}.Debug|Win32.Build.0 = Debug|Win32
		{B80453BD-7E03-46E5-B8A3-CF7C9C9F27A9}.Debug|Win32.Deploy.0 = Debug|Win32
		{B80453BD-7E03-46E5-B8A3-CF7C9C9F27A9}.Release|Win32.ActiveCfg = Release|Win32
		{B80453BD-7E03-46E5-B8A3-CF7C9C9F27A9}.Release|Win32.Build.0 = Release|Win32
		{B80453BD-7E03-46E5-B8A3-CF7C9C9F27A9}.Release|Win32.Deploy.0 = Release|Win32
		{CCEBB98C-EDE1-4DB7-A607-6313974A5873}.Debug|Win32.ActiveCfg = Debug|Win32
		{CCEBB98C-EDE1-4DB7-A607-6313974A5873}.Debug|Win32.Build.0 = Debug|Win32
		{CCEBB98C-EDE1-4DB7-A607-6313974A5873}.Debug|Win32.Deploy.0 = Debug|Win32
		{CCEBB98C-EDE1-4DB7-A607-6313974A5873}.Release|Win32.ActiveCfg = Release|Win32
		{CCEBB98C-EDE1-4DB7-A607-6313974A5873}.Release|Win32.Build.0 = Release|Win32
		{CCEBB98C-EDE1-4DB7-A607-6313974A5873}.Release|Win32.Deploy.0 = Release|Win32
		{0BDA8F20-7A07-4529-822D-6D34691EF473}.Debug|Win32.ActiveCfg = Debug|Win32
		{0BDA8F20-7A07-4529-822D-6D34691EF473}.Debug|Win32.Build.0 = Debug|Win32
		{0BDA8F20-7A07-4529-822D-6D34691EF473}.Debug|Win32.Deploy.0 = Debug|Win32
		{0BDA8F20-7A07-4529-822D-6D34691EF473}.Release|Win32.ActiveCfg = Release|Win32
		{0BDA8F20-7A07-4529-822D-6D34691EF473}.Release|Win32.Build.0 = Release|Win32
		{0BDA8F20-7A07-4529-822D-6D34691EF473}.Release|Win32.Deploy.0 = Release|Win32
		{FEB8EA5E-E07D-46DF-B426-F0A70C6D9634}.Debug|Win32.ActiveCfg = Debug|Win32
		{FEB8EA5E-E07D-46DF-B426-F0A70C6D9634}.Debug|Win32.Build.0 = Debug|Win32
		{FEB8EA5E-E07D-46DF-B426-F0A70C6D9634}.Debug|Win32.Deploy.0 = Debug|Win32
		{FEB8EA5E-E07D-46DF-B426-F0A70C6D9634}.Release|Win32.ActiveCfg = Release|Win32
		{FEB8EA5E-E07D-46DF-B426-F0A70C6D9634}.Release|Win32.Build.0 = Release|Win32
		{FEB8EA5E-E07D-46DF-B426-F0A70C6D9634}.Release|Win32.Deploy.0 = Release|Win32
		{904E83CC-BDBB-4A2F-BAF6-D3075EB825D3}.Debug|Win32.ActiveCfg = Debug|Win32
		{904E83CC-BDBB-4A2F-BAF6-D3075EB825D3}.Debug|Win32.Build.0 = Debug|Win32
		{904E83CC-BDBB-4A2F-BAF6-D3075EB825D3}.Debug|Win32.Deploy.0 = Debug|Win32
		{904E83CC-BDBB-4A2F-BAF6-D3075EB825D3}.Release|Win32.ActiveCfg = Release|Win32
		{904E83CC-BDBB-4A2F-BAF6-D3075EB825D3}.Release|Win32.Build.0 = Release|Win32
		{904E83CC-BDBB-4A2F-BAF6-D3075EB825D3}.Release|Win32.Deploy.0 = Release|Win32
		{ED8C6270-D911-45BE-AF46-0A9382725AEC}.Debug|Win32.ActiveCfg = Debug|Win32
		{ED8C6270-D911-45BE-AF46-0A9382725AEC}.Debug|Win32.Build.0 = Debug|Win32
		{ED8C6270-D911-45BE-AF46-0A9382725AEC}.Debug|Win32.Deploy.0 = Debug|Win32
		{ED8C6270-D911-45BE-AF46-0A9382725AEC}.Release|Win32.ActiveCfg = Release|Win32
		{ED8C6270-D911-45BE-AF46-0A9382725AEC}.Release|Win32.Build.0 = Release|Win32
		{ED8C6270-D911-45BE-AF46-0A9382725AEC}.Release|Win32.Deploy.0 = Release|Win32
		{85E188FF-0091-4D73-BD08-D86B5F9E4399}.Debug|Win32.ActiveCfg = Debug|Win32
		{85E188FF-0091-4D73-BD08-D86B5F9E4399}.Debug|Win32.Build.0 = Debug|Win32
		{85E188FF-0091-4D73-BD08-D86B5F9E4399}.Debug|Win32.Deploy.0 = Debug|Win32
		{85E188FF-0091-4D73-BD08-D86B5F9E4399}.Release|Win32.ActiveCfg = Release|Win32
		{85E188FF-0091-4D73-BD08-D86B5F9E4399}.Release|Win32.Build.0 = Release|Win32
		{85E188FF-0091-4D73-BD08-D86B5F9E4399}.Release|Win32.Deploy.0 = Release|Win32
		{80E62942-D702-43E3-A833-28D52F683C23}.Debug|Win32.ActiveCfg = Debug|Win32
		{80E62942-D702-43E3-A833-28D52F683C23}.Debug|Win32.Build.0 = Debug|Win32
		{80E62942-D702-43E3-A833-28D52F683C23}.Debug|Win32.Deploy.0 = Debug|Win32
		{80E62942-D702-43E3-A833-28D52F683C23}.Release|Win32.ActiveCfg = Release|Win32
		{80E62942-D702-43E3-A833-28D52F683C23}.Release|Win32.Build.0 = Release|Win32
		{80E62942-D702-43E3-A833-28D52F683C23}.Release|Win32.Deploy.0 = Release|Win32
		{B13F6440-C945-49A0-9BF7-B5A797B91FFE}.Debug|Win32.ActiveCfg = Debug|Win32
		{B13F6440-C945-49A0-9BF7-B5A797B91FFE}.Debug|Win32.Build.0 = Debug|Win32
		{B13F6440-C945-49A0-9BF7-B5A797B91FFE}.Debug|Win32.Deploy.0 = Debug|Win32
		{B13F6440-C945-49A0-9BF7-B5A797B91FFE}.Release|Win32.ActiveCfg = Release|Win32
		{B13F6440-C945-49A0-9BF7-B5A797B91FFE}.Release|Win32.Build.0 = Release|Win32
		{B13F6440-C945-49A0-9BF7-B5A797B91FFE}.Release|Win32.Deploy.0 = Release|Win32
		{AD6B2160-2709-474B-978E-7762E857D0F6}.Debug|Win32.ActiveCfg = Debug|Win32
		{AD6B2160-2709-474B-978E-7762E857D0F6}.Debug|Win32.Build.0 = Debug|Win32
		{AD6B2160-2709-474B-978E-7762E857D0F6}.Debug|Win32.Deploy.0 = Debug|Win32
		{AD6B2160-2709-474B-978E-7762E857D0F6}.Release|Win32.ActiveCfg = Release|Win32
		{AD6B2160-2709-474B-978E-7762E857D0F6}.Release|Win32.Build.0 = Release|Win32
		{AD6B2160-2709-474B-978E-7762E857D0F6}.Release|Win32.Deploy.0 = Release|Win32
		{A78FB62A-429B-4A11-A39B-8F1A3F8BD1B9}.Debug|Win32.ActiveCfg = Debug|Win32
		{A78FB62A-429B-4A11-A39B-8F1A3F8BD1B9}.Debug|Win32.Build.0 = Debug|Win32
		{A78FB62A-429B-4A11-A39B-8F1A3F8BD1B9}.Debug|Win32.Deploy.0 = Debug|Win32
		{A78FB62A-429B-4A11-A39B-8F1A3F8BD1B9}.Release|Win32.ActiveCfg = Release|Win32
		{A78FB62A-429B-4A11-A39B-8F1A3F8BD1B9}.Release|Win32.Build.0 = Release|Win32
		{A78FB62A-429B-4A11-A39B-8F1A3F8BD1B9}.Release|Win32.Deploy.0 = Release|Win32
		{ED509008-7F1D-4ECE-A71F-9440CFE1E960}.Debug|Win32.ActiveCfg = Debug|Win32
		{ED509008-7F1D-4ECE-A71F-9440CFE1E960}.Debug|Win32.Build.0 = Debug|Win32
		{ED509008-7F1D-4ECE-A71F-9440CFE1E960}.Debug|Win32.Deploy.0 = Debug|Win32
		{ED509008-7F1D-4ECE-A71F-9440CFE1E960}.Release|Win32.ActiveCfg = Release|Win32
		{ED509008-7F1D-4ECE-A71F-9440CFE1E960}.Release|Win32.Build.0 = Release|Win32
		{ED509008-7F1D-4ECE-A71F-9440CFE1E960}.Release|Win32.Deploy.0 = Release|Win32
		{7D575394-9155-45CE-B24D-965E8C6920DD}.Debug|Win32.ActiveCfg = Debug|Win32
		{7D575394-9155-45CE-B24D-965E8C6920DD}.Debug|Win32.Build.0 = Debug|Win32
		{7D575394-9155-45CE-B24D-965E8C6920DD}.Debug|Win32.Deploy.0 = Debug|Win32
		{7D575394-9155-45CE-B24D-965E8C6920DD}.Release|Win32.ActiveCfg = Release|Win32
		{7D575394-9155-45CE-B24D-965E8C6920DD}.Release|Win32.Build.0 = Release|Win32
		{7D575394-9155-45CE-B24D-965E8C6920DD}.Release|Win32.Deploy.0 = Release|Win32
		{11408DC0-1BBB-4DEA-A745-F71E790FEE08}.Debug|Win32.ActiveCfg = Debug|Win32
		{11408DC0-1BBB-4DEA-A745-F71E790FEE08}.Debug|Win32.Build.0 = Debug|Win32
		{11408DC0-1BBB-4DEA-A745-F71E790FEE08}.Debug|Win32.Deploy.0 = Debug|Win32
		{11408DC0-1BBB-4DEA-A745-F71E790FEE08}.Release|Win32.ActiveCfg = Release|Win32
		{11408DC0-1BBB-4DEA-A745-F71E790FEE08}.Release|Win32.Build.0 = Release|Win32
		{11408DC0-1BBB-4DEA-A745-F71E790FEE08}.Release|Win32.Deploy.0 = Release|Win32
		{0789BBFF-E66B-407D-9FD3-021BF821C244}.Debug|Win32.ActiveCfg = Debug|Win32
		{0789BBFF-E66B-407D-9FD3-021BF821C244}.Debug|Win32.Build.0 = Debug|Win32
		{0789BBFF-E66B-407D-9FD3-021BF821C244}.Debug|Win32.Deploy.0 = Debug|Win32
		{0789BBFF-E66B-407D-9FD3-021BF821C244}.Release|Win32.ActiveCfg = Release|Win32
		{0789BBFF-E66B-407D-9FD3-021BF821C244}.Release|Win32.Build.0 = Release|Win32
		{0789BBFF-E66B-407D-9FD3-021BF821C244}.Release|Win32.Deploy.0 = Release|Win32
		{6E58DAC4-1BC5-4AB0-84E7-B8D4F84F3AF8}.Debug|Win32.ActiveCfg = Debug|Win32
		{6E58DAC4-1BC5-4AB0-84E7-B8D4F84F3AF8}.Debug|Win32.Build.0 = Debug|Win32
		{6E58DAC4-1BC5-4AB0-84E7-B8D4F84F3AF8}.Debug|Win32.Deploy.0 = Debug|Win32
		{6E58DAC4-1BC5-4AB0-84E7-B8D4F84F3AF8}.Release|Win32.ActiveCfg = Release|Win32
		{6E58DAC4-1BC5-4AB0-84E7-B8D4F84F3AF8}.Release|Win32.Build.0 = Release|Win32
		{6E58DAC4-1BC5-4AB0-84E7-B8D4F84F3AF8}.Release|Win32.Deploy.0 = Release|Win32
		{B9DE8069-6850-46F5-AE11-E400F33DEF80}.Debug|Win32.ActiveCfg = Debug|Win32
		{B9DE8069-6850-46F5-AE11-E400F33DEF80}.Debug|Win32.Build.0 = Debug|Win32
		{B9DE8069-6850-46F5-AE11-E400F33DEF80}.Debug|Win32.Deploy.0 = Debug|Win32
		{B9DE8069-6850-46F5-AE11-E400F33DEF80}.Release|Win32.ActiveCfg = Release|Win32
		{B9DE8069-6850-46F5-AE11-E400F33DEF80}.Release|Win32.Build.0 = Release|Win32
		{B9DE8069-6850-46F5-AE11-E400F33DEF80}.Release|Win32.Deploy.0 = Release|Win32
		{FAFCA8FA-157D-430D-B59C-899A2BF01A8A}.Debug|Win32.ActiveCfg = Debug|Win32
		{FAFCA8FA-157D-430D-B59C-899A2BF01A8A}.Debug|Win32.Build.0 = Debug|Win32
		{FAFCA8FA-157D-430D-B59C-899A2BF01A8A}.Debug|Win32.Deploy.0 = Debug|Win32
		{FAFCA8FA-157D-430D-B59C-899A2BF01A8A}.Release|Win32.ActiveCfg = Release|Win32
		{FAFCA8FA-157D-430D-B59C-899A2BF01A8A}.Release|Win32.Build.0 = Release|Win32
		{FAFCA8FA-157D-430D-B59C-899A2BF01A8A}.Release|Win32.Deploy.0 = Release|Win32
		{7BB5208D-0CC9-436A-BF4B-E59E22A9374F}.Debug|Win32.ActiveCfg = Debug|Win32
		{7BB5208D-0CC9-436A-BF4B-E59E22A9374F}.Debug|Win32.Build.0 = Debug|Win32
		{7BB5208D-0CC9-436A-BF4B-E59E22A9374F}.Debug|Win32.Deploy.0 = Debug|Win32
		{7BB5208D-0CC9-436A-BF4B-E59E22A9374F}.Release|Win32.ActiveCfg = Release|Win32
		{7BB5208D-0CC9-436A-BF4B-E59E22A9374F}.Release|Win32.Build.0 = Release|Win32
		{7BB5208D-0CC9-436A-BF4B-E59E22A9374F}.Release|Win32.Deploy.0 = Release|Win32
		{80FCE4CA-D5ED-4D13-9FE8-BB87F501C246}.Debug|Win32.ActiveCfg = Debug|Win32
		{80FCE4CA-D5ED-4D13-9FE8-BB87F501C246}.Debug|Win32.Build.0 = Debug|Win32
		{80FCE4CA-D5ED-4D13-9FE8-BB87F501C246}.Debug|Win32.Deploy.0 = Debug|Win32
		{80FCE4CA-D5ED-4D13-9FE8-BB87F501C246}.Release|Win32.ActiveCfg = Release|Win32
		{80FCE4CA-D5ED-4D13-9FE8-BB87F501C246}.Release|Win32.Build.0 = Release|Win32
		{80FCE4CA-D5ED-4D13-9FE8-BB87F501C246}.Release|Win32.Deploy.0 = Release|Win32
		{C12EC094-C904-4081-9815-C67D6C625F52}.Debug|Win32.ActiveCfg = Debug|Win32
		{C12EC094-C904-4081-9815-C67D6C625F52}.Debug|Win32.Build.0 = Debug|Win32
		{C12EC094-C904-4081-9815-C67D6C625F52}.Debug|Win32.Deploy.0 = Debug|Win32
		{C12EC094-C904-4081-9815-C67D6C625F52}.Release|Win32.ActiveCfg = Release|Win32
		{C12EC094-C904-4081-9815-C67D6C625F52}.Release|Win32.Build.0 = Release|Win32
		{C12EC094-C904-4081-9815-C67D6C625F52}.Release|Win32.Deploy.0 = Release|Win32
	EndGlobalSection
	GlobalSection(SolutionProperties) = preSolution
		HideSolutionNode = FALSE
	EndGlobalSection
	GlobalSection(NestedProjects) = preSolution
		{4F11354D-4221-4D1F-8386-0547CABECD3F} = {70BA3AFE-E992-43C9-A6BF-43735AC6FB82}
		{2FBCCA08-69BA-47B2-9513-B92DEB2301DF} = {70BA3AFE-E992-43C9-A6BF-43735AC6FB82}
		{ACA94EA2-A218-4524-839E-CF36D5BF7A22} = {70BA3AFE-E992-43C9-A6BF-43735AC6FB82}
		{509F42BF-93B5-477B-852F-65215E8630B9} = {70BA3AFE-E992-43C9-A6BF-43735AC6FB82}
		{44705D31-A76C-4D89-B249-FF81AB1B2593} = {8117A670-F29A-4B0A-BBB9-3E177D10BD37}
		{09BA6ABD-9A15-4AA2-9DF6-28CA818FE2B7} = {BC7DDAD8-6309-4054-AC50-3D17F59A4FD8}
		{25C4F0AB-3544-4749-B22B-5D16CCDBECD6} = {BC7DDAD8-6309-4054-AC50-3D17F59A4FD8}
		{66469008-53B4-495C-B411-9D0E424BD206} = {BC7DDAD8-6309-4054-AC50-3D17F59A4FD8}
		{517E9EFD-71FE-4FCF-9F8D-64032291FC57} = {BC7DDAD8-6309-4054-AC50-3D17F59A4FD8}
		{2C432D24-6E89-4D5E-B2B4-FC6681798FBB} = {BC7DDAD8-6309-4054-AC50-3D17F59A4FD8}
		{A751463B-F67F-4C4E-A577-350187E6FC11} = {BC7DDAD8-6309-4054-AC50-3D17F59A4FD8}
		{4BFB05AE-DA78-4E06-8F1E-E0DD13FF4B7C} = {09BA6ABD-9A15-4AA2-9DF6-28CA818FE2B7}
		{21236C66-CD07-4499-80FA-7CF892B862C2} = {09BA6ABD-9A15-4AA2-9DF6-28CA818FE2B7}
		{91BC360F-A201-47CE-A773-C73CA5008380} = {09BA6ABD-9A15-4AA2-9DF6-28CA818FE2B7}
		{22F1C014-E825-4142-AEFE-87A667EE9B17} = {09BA6ABD-9A15-4AA2-9DF6-28CA818FE2B7}
		{05995ABF-E0F5-4C8C-A230-09A10968BEDA} = {09BA6ABD-9A15-4AA2-9DF6-28CA818FE2B7}
		{69E10E9E-A191-4D06-9286-0A30B7B682F6} = {09BA6ABD-9A15-4AA2-9DF6-28CA818FE2B7}
		{73189926-F375-49E5-BB76-40910DF2F460} = {09BA6ABD-9A15-4AA2-9DF6-28CA818FE2B7}
		{B54DA35F-311E-41C7-A81B-A7EF73E1B9A3} = {09BA6ABD-9A15-4AA2-9DF6-28CA818FE2B7}
		{8E4AD380-8DCA-448D-B00C-334CE5E92794} = {9394A397-A01B-4469-A743-198ECEF33ED1}
		{AA664DEF-74C9-4B30-9753-0D3E162D0B69} = {9394A397-A01B-4469-A743-198ECEF33ED1}
		{5E027342-8348-4937-A0DE-C237F1283D10} = {9394A397-A01B-4469-A743-198ECEF33ED1}
		{2CEB2CE3-19D3-4D68-9BD6-EBCBC9ADDEF5} = {9394A397-A01B-4469-A743-198ECEF33ED1}
		{8EFF20B0-F2A9-4640-BABD-D528CBD22395} = {9394A397-A01B-4469-A743-198ECEF33ED1}
		{9CB9867F-9F21-4B11-A858-EC21C522A9D0} = {9394A397-A01B-4469-A743-198ECEF33ED1}
		{F838CC42-FF1A-44C2-A648-1B4B9115BA47} = {9394A397-A01B-4469-A743-198ECEF33ED1}
		{787E9619-C362-4598-A8D0-63F99EA807E5} = {454BF707-694B-487B-AE56-4A1ABA878400}
		{93CAB97A-1146-43ED-ABE3-90AD2202BF2B} = {454BF707-694B-487B-AE56-4A1ABA878400}
		{91BDF45E-DFA9-43EF-B68E-5C0BB6AF1206} = {454BF707-694B-487B-AE56-4A1ABA878400}
		{0D85764D-295E-4661-B1B0-4ACE28B0C3C9} = {454BF707-694B-487B-AE56-4A1ABA878400}
		{BA3BE05F-CEDB-4479-8169-8EA3FE0C9416} = {454BF707-694B-487B-AE56-4A1ABA878400}
		{C65887FD-4D7A-49D5-9632-F0B358FC6D23} = {454BF707-694B-487B-AE56-4A1ABA878400}
		{C26163F8-1430-48ED-8000-18E839F251D2} = {454BF707-694B-487B-AE56-4A1ABA878400}
		{E1893074-BE34-46A3-B7F8-142A00CD459D} = {2623C0E6-C03A-4E2A-BA30-2070DF97C5A6}
		{A7AC945E-22D0-44AE-92D4-25AA924B6473} = {2623C0E6-C03A-4E2A-BA30-2070DF97C5A6}
		{AE92E636-9B4B-4BD2-B5AA-14A651573EDC} = {2623C0E6-C03A-4E2A-BA30-2070DF97C5A6}
		{E35BBC7F-9D2F-4B88-8706-E9C9FCCC834A} = {2623C0E6-C03A-4E2A-BA30-2070DF97C5A6}
		{54B328CB-00F2-4DEA-BE6D-0039D3C11F67} = {2623C0E6-C03A-4E2A-BA30-2070DF97C5A6}
		{DF699717-7702-4A83-9688-BCE3D6A7F0DB} = {2623C0E6-C03A-4E2A-BA30-2070DF97C5A6}
		{5A17DE10-947C-4DC3-8DBB-64AAA26DE53C} = {2623C0E6-C03A-4E2A-BA30-2070DF97C5A6}
		{E426A7AC-3E11-49AB-B4E2-0B43D53230A7} = {2623C0E6-C03A-4E2A-BA30-2070DF97C5A6}
		{F87E44AF-6BDE-4A2D-9910-A8E9C06D145F} = {2623C0E6-C03A-4E2A-BA30-2070DF97C5A6}
		{2AF012F1-1CD1-4B01-864A-B1759B6C1029} = {2623C0E6-C03A-4E2A-BA30-2070DF97C5A6}
		{952A7B29-7ED4-4767-B01A-CF6561AF8F33} = {2623C0E6-C03A-4E2A-BA30-2070DF97C5A6}
		{E81CD5CA-92AF-456D-8A86-F47FE3BEF8F5} = {BAD3DDED-E9CE-4F46-B797-87422CD84E1E}
		{F70C0298-C38C-4CFA-8BF9-BD6E181FE66E} = {BAD3DDED-E9CE-4F46-B797-87422CD84E1E}
		{40DB6D08-6C0D-48DE-9519-9D681DC41F4D} = {BAD3DDED-E9CE-4F46-B797-87422CD84E1E}
		{BAEB4390-5046-4FF3-8747-B7F9ACC7A917} = {BAD3DDED-E9CE-4F46-B797-87422CD84E1E}
		{71869D70-87A4-44A0-8B58-7A852AB5396B} = {BAD3DDED-E9CE-4F46-B797-87422CD84E1E}
		{AB21F5E1-5B0D-47E0-962E-2B5913F89C0E} = {BAD3DDED-E9CE-4F46-B797-87422CD84E1E}
		{31FF3CF0-E219-45E1-A070-44B8D7D2F746} = {BAD3DDED-E9CE-4F46-B797-87422CD84E1E}
		{523CDFF4-DEE7-44A7-8EBD-AAD20F878490} = {BAD3DDED-E9CE-4F46-B797-87422CD84E1E}
		{2455C0FF-4E3A-491F-8CB5-658B40C58B31} = {BAD3DDED-E9CE-4F46-B797-87422CD84E1E}
		{8AF759A3-B3A5-4DE7-9C6C-B19AFC632086} = {BAD3DDED-E9CE-4F46-B797-87422CD84E1E}
		{9343BCA2-E092-4E43-912B-253AD1248353} = {BAD3DDED-E9CE-4F46-B797-87422CD84E1E}
		{7313B531-C196-43D4-917A-18695741CC6B} = {BAD3DDED-E9CE-4F46-B797-87422CD84E1E}
		{CC00CD8A-E187-4958-B0F0-01B83B4C12A9} = {BAD3DDED-E9CE-4F46-B797-87422CD84E1E}
		{AACA44FB-6E52-4EF0-B717-728C0DCADC69} = {AA283707-FE82-44E1-947B-A02E7E1E4F21}
		{872C05F9-6BD9-4078-B015-E7E5178EBA35} = {AA283707-FE82-44E1-947B-A02E7E1E4F21}
		{F37E887E-4350-4121-9529-162B49385BC4} = {AA283707-FE82-44E1-947B-A02E7E1E4F21}
		{D3F5335A-9CFB-408E-89FB-2115F9C3B5F4} = {AA283707-FE82-44E1-947B-A02E7E1E4F21}
		{53862A21-2802-4D32-AC0C-5302CEF802FD} = {AA283707-FE82-44E1-947B-A02E7E1E4F21}
		{F28E1833-5720-4822-A7C2-CA6609310D68} = {AA283707-FE82-44E1-947B-A02E7E1E4F21}
		{F66A4AA9-18CE-414D-9BB2-4DF7F0F7113A} = {25C4F0AB-3544-4749-B22B-5D16CCDBECD6}
		{BA92C04A-CE51-4F2A-8C0A-FE9077E6A892} = {25C4F0AB-3544-4749-B22B-5D16CCDBECD6}
		{8084CE4E-D872-49F7-841E-B09E2756D06F} = {25C4F0AB-3544-4749-B22B-5D16CCDBECD6}
		{559F7F6C-788C-4F57-B8D9-3BEF71ABBD22} = {25C4F0AB-3544-4749-B22B-5D16CCDBECD6}
		{E449BE7D-823F-4076-8D45-58EF58EA92D9} = {25C4F0AB-3544-4749-B22B-5D16CCDBECD6}
		{EE3D95D7-E728-43D5-A5CA-FC20204F6D12} = {25C4F0AB-3544-4749-B22B-5D16CCDBECD6}
		{B5A39E4D-AE97-461D-B90A-8CE951303A63} = {66469008-53B4-495C-B411-9D0E424BD206}
		{7121365F-F5E1-4F9E-ABB6-F9A7620AAC2C} = {66469008-53B4-495C-B411-9D0E424BD206}
		{140447E6-6942-422D-9B61-D73B3957DD88} = {66469008-53B4-495C-B411-9D0E424BD206}
		{5D2EA920-F584-4E2B-8283-F74590091BD5} = {66469008-53B4-495C-B411-9D0E424BD206}
		{51506DB6-E35E-41A0-9B40-A13C138B5853} = {517E9EFD-71FE-4FCF-9F8D-64032291FC57}
		{77CA21CD-29F1-4013-8FF4-DAD10F47D8FE} = {517E9EFD-71FE-4FCF-9F8D-64032291FC57}
		{54F7C48C-B2D4-4540-86E3-2BAA033C2AC0} = {517E9EFD-71FE-4FCF-9F8D-64032291FC57}
		{4B27C6AB-AD43-42E8-B02F-22C951A2188F} = {2C432D24-6E89-4D5E-B2B4-FC6681798FBB}
		{561E1556-7BD3-4834-80FC-59C91E9F1D1E} = {2C432D24-6E89-4D5E-B2B4-FC6681798FBB}
		{5991DF5C-94E4-4863-B258-79F87787FD00} = {2C432D24-6E89-4D5E-B2B4-FC6681798FBB}
		{C1B5F6CF-1550-4672-ADEC-15E11B218D82} = {A751463B-F67F-4C4E-A577-350187E6FC11}
		{B383DA0E-7CA0-45B1-84A1-C6BA1F578D89} = {A751463B-F67F-4C4E-A577-350187E6FC11}
		{C425A1C7-FD21-4D5C-A48E-8D07B3DBA744} = {A751463B-F67F-4C4E-A577-350187E6FC11}
		{3CB49A05-2E57-498A-A5D2-375A6D6DFF28} = {A751463B-F67F-4C4E-A577-350187E6FC11}
		{C2DBB971-28A5-40D9-9E8A-DAEBDD03D5E7} = {B533E142-C6D3-4D85-94A7-696CEE983ABA}
		{07941A5D-6588-4F2D-BDEA-99B647CCD718} = {B533E142-C6D3-4D85-94A7-696CEE983ABA}
		{B5D0E8E4-49DE-4A48-918C-5451109CA074} = {B533E142-C6D3-4D85-94A7-696CEE983ABA}
		{E0FA97CC-77C2-4F98-80F8-5758B30437C0} = {B533E142-C6D3-4D85-94A7-696CEE983ABA}
		{04D517CB-D343-45A8-A015-EBD5A9ABEFA1} = {B533E142-C6D3-4D85-94A7-696CEE983ABA}
		{172D60DA-6189-4E5B-B8BF-749DE6229ECC} = {B533E142-C6D3-4D85-94A7-696CEE983ABA}
		{A6BDBC05-03F4-4288-B7B5-C23D8520F7A1} = {B533E142-C6D3-4D85-94A7-696CEE983ABA}
		{D72FB6AD-FA0D-41BB-AEEF-0238980564BF} = {B533E142-C6D3-4D85-94A7-696CEE983ABA}
		{603876C1-D8BE-4285-BA8B-5A2EAFB3A6E5} = {B533E142-C6D3-4D85-94A7-696CEE983ABA}
		{A0231457-952A-4649-85C1-E1FA11EE9F03} = {B533E142-C6D3-4D85-94A7-696CEE983ABA}
		{B5DB90EE-DD07-42EF-9468-4FE748E27DCD} = {B533E142-C6D3-4D85-94A7-696CEE983ABA}
		{610BC4B9-C01A-4919-8317-C953EF2717DF} = {B533E142-C6D3-4D85-94A7-696CEE983ABA}
		{B80453BD-7E03-46E5-B8A3-CF7C9C9F27A9} = {B533E142-C6D3-4D85-94A7-696CEE983ABA}
		{CCEBB98C-EDE1-4DB7-A607-6313974A5873} = {B533E142-C6D3-4D85-94A7-696CEE983ABA}
		{0BDA8F20-7A07-4529-822D-6D34691EF473} = {B533E142-C6D3-4D85-94A7-696CEE983ABA}
		{FEB8EA5E-E07D-46DF-B426-F0A70C6D9634} = {B533E142-C6D3-4D85-94A7-696CEE983ABA}
		{904E83CC-BDBB-4A2F-BAF6-D3075EB825D3} = {B533E142-C6D3-4D85-94A7-696CEE983ABA}
		{ED8C6270-D911-45BE-AF46-0A9382725AEC} = {B533E142-C6D3-4D85-94A7-696CEE983ABA}
		{85E188FF-0091-4D73-BD08-D86B5F9E4399} = {B533E142-C6D3-4D85-94A7-696CEE983ABA}
		{80E62942-D702-43E3-A833-28D52F683C23} = {B533E142-C6D3-4D85-94A7-696CEE983ABA}
		{B13F6440-C945-49A0-9BF7-B5A797B91FFE} = {B533E142-C6D3-4D85-94A7-696CEE983ABA}
		{AD6B2160-2709-474B-978E-7762E857D0F6} = {B533E142-C6D3-4D85-94A7-696CEE983ABA}
		{A78FB62A-429B-4A11-A39B-8F1A3F8BD1B9} = {B533E142-C6D3-4D85-94A7-696CEE983ABA}
		{ED509008-7F1D-4ECE-A71F-9440CFE1E960} = {B533E142-C6D3-4D85-94A7-696CEE983ABA}
		{7D575394-9155-45CE-B24D-965E8C6920DD} = {B533E142-C6D3-4D85-94A7-696CEE983ABA}
		{11408DC0-1BBB-4DEA-A745-F71E790FEE08} = {B533E142-C6D3-4D85-94A7-696CEE983ABA}
		{0789BBFF-E66B-407D-9FD3-021BF821C244} = {B533E142-C6D3-4D85-94A7-696CEE983ABA}
		{6E58DAC4-1BC5-4AB0-84E7-B8D4F84F3AF8} = {B533E142-C6D3-4D85-94A7-696CEE983ABA}
		{B9DE8069-6850-46F5-AE11-E400F33DEF80} = {B533E142-C6D3-4D85-94A7-696CEE983ABA}
		{FAFCA8FA-157D-430D-B59C-899A2BF01A8A} = {B533E142-C6D3-4D85-94A7-696CEE983ABA}
		{7BB5208D-0CC9-436A-BF4B-E59E22A9374F} = {B533E142-C6D3-4D85-94A7-696CEE983ABA}
		{80FCE4CA-D5ED-4D13-9FE8-BB87F501C246} = {B533E142-C6D3-4D85-94A7-696CEE983ABA}
		{C12EC094-C904-4081-9815-C67D6C625F52} = {B533E142-C6D3-4D85-94A7-696CEE983ABA}
	EndGlobalSection
EndGlobal
